{
  "version": 4,
  "terraform_version": "1.4.2",
  "serial": 234,
  "lineage": "49f9ed17-96a8-92d7-353e-c880ed7920e3",
  "outputs": {
    "generated_ssh_private_key": {
      "value": "-----BEGIN RSA PRIVATE KEY-----\nMIIEpQIBAAKCAQEA7KPhZmuv2Qhu+IL5T/WokROfnlYxv2z9PMAum0bFRoVo/ndk\nvRNvsLKFHI49jMBd1EABaO7Ye+8POYpinmq9scH7QoQw+7waJSARq6nUE5+m2Vco\nvjg0SyEdcXglJo7wDsao325UVVMJdYwy2WCdo3khT7FE/V7QmuqrqEiTr+WCQCap\nog7UUSRv4naK1EZN7samLe/9O49meQ1851A41GSgCP+nt1Ua2omJeV0GqPED3w6+\nHODQOhBZvpMFtu0hC1dc9UMLREHBHDft/vvNMAPu3BlUBiGfAkf5oCndHBM0iBEn\nKHaiO6YhvhlQwl5ijWZXAgvc+hwo8VLYXUXb5QIDAQABAoIBAEGdf1Zi7bOEPyDx\nUCf3ufHgOxYwWEL3+Y/qygGMMg9H1sEYYfp7dTDNj1NHrZFllZ7Q0JNEBwr2UoZl\n9MpwVoD/hKgA94QVuDorFjs/L+rxDdad8FIuS3G5kOxxn/t9DttKAnFRqliuWaUa\nZs8Xlx5I7A+o27RVogoSn95doXXX6S5C8QDQrfgAFsf+gZ6MiVcrU6sIlldn26uB\nBIJmA+KvE9XrXEcJFKPahxoXStgA7hXoeam7DaFBrn+tlU16hdb6X7RqdMh3S6bW\nW1Jkbv8WssHMVbL02EupF9ijFa5lPLRwc1lVkKEZqzDzJ9mgpiio4szp03ffTxRJ\n+KXFalECgYEA8hDLEsjVQ+xXRGB13KD5KcUCIbEPFF7Ox9YgXMhHdU/gsUlvCxYd\nJe9+rP3gVl3uWqFSXtmlgJX3rbKhhEijjhED5GjBHzePNKxR/RLpn8gPiAzZLl0U\nh42aosAzMNr32Jjxg/KG2sXdD3+/mtiex2D+gws8jY3O8xgeJaUjCmMCgYEA+kMi\nkq6ZqJ1nlljZRM9rAjAgN0+Rt8f8BqsWX7FXOktkALXFcAXXYGvtdgdQqnFGiK/d\nn/pqtfgRdnAwjENoPQW0saYd06pAjM0vrGO012wLXdfFtGfuON1M39af3EzmO7v/\nWgrtqqCiv7Wq5nnixZY+wZGKDNlpy3bqeK6VbxcCgYEAieNvCmBEu9BhVZ3tBaTc\nyiJjOHX3tQ7ck5EyFigwLG83+0Vtb89FA1sNudVUeV5AbHgAx+8LC9hhohxjTUtj\nf4XJxc62U+X+OW7/tT2Uv2PjFQjcnkB/dUgAkj0R6/6PuF5HFXaNwwl7B10p9Db5\nG3HxCQzZjXj+LhPK+H69GykCgYEAh3CF6XRs3IAza36yNzc55nk9NjHt3tRwZPt6\npFdJqdbbTDcTn0jKAvjmDpZu5Y9gaOEkxEu2LL0QVlTpMT/ZzgykefA4/DCLtqfl\nQRrE6EEk9ais6rHEjynVTN7OrV9Ayts3mveHIGzHJ5Gd6BXW0LA7Tm8Bk2qmguLc\nimuRnAkCgYEA6McCnnrRlc9Nz/QHG3yHRc1Zk2/2+oBGZ+qj/Ak9zNXkDUWvFNwW\noQlYUbyotgDvA1VbIFwTzUA46uvLsEultlJ5xx6G0EvYaIxfW8pXVVrBfwest0Ub\njohSS35+72UNT5jldojbJe/Qn39PWEFciIs/QkexItpvHTleaQECvkE=\n-----END RSA PRIVATE KEY-----\n",
      "type": "string",
      "sensitive": true
    },
    "jenkins_login_url": {
      "value": "http://152.67.233.111:8080",
      "type": "string"
    },
    "jenkins_public_ip": {
      "value": "152.67.233.111",
      "type": "string"
    }
  },
  "resources": [
    {
      "mode": "data",
      "type": "oci_core_images",
      "name": "jenkins_image",
      "provider": "provider[\"registry.terraform.io/hashicorp/oci\"]",
      "instances": [
        {
          "schema_version": 0,
          "attributes": {
            "compartment_id": "ocid1.compartment.oc1..aaaaaaaav6rzk4ljqhdacn367ncxy6kmlhssk5dt54s6xmn5tsoatvrxlupq",
            "display_name": null,
            "filter": [
              {
                "name": "display_name",
                "regex": true,
                "values": [
                  "^.*Oracle[^G]*$"
                ]
              }
            ],
            "id": "CoreImagesDataSource-1951333268",
            "images": [
              {
                "agent_features": [],
                "base_image_id": "",
                "billable_size_in_gbs": "4",
                "compartment_id": "",
                "create_image_allowed": true,
                "defined_tags": {},
                "display_name": "Oracle-Linux-7.9-2023.02.28-1",
                "freeform_tags": {},
                "id": "ocid1.image.oc1.us-sanjose-1.aaaaaaaadb5lnktblfy47avpfddava4vi2m4z4k6edxiogmu3z2nsxgby6tq",
                "image_source_details": [],
                "instance_id": "",
                "launch_mode": "NATIVE",
                "launch_options": [
                  {
                    "boot_volume_type": "PARAVIRTUALIZED",
                    "firmware": "UEFI_64",
                    "is_consistent_volume_naming_enabled": true,
                    "is_pv_encryption_in_transit_enabled": true,
                    "network_type": "PARAVIRTUALIZED",
                    "remote_data_volume_type": "PARAVIRTUALIZED"
                  }
                ],
                "listing_type": "",
                "operating_system": "Oracle Linux",
                "operating_system_version": "7.9",
                "size_in_mbs": "47694",
                "state": "AVAILABLE",
                "time_created": "2023-04-06 12:27:07.945 +0000 UTC"
              },
              {
                "agent_features": [],
                "base_image_id": "",
                "billable_size_in_gbs": "6",
                "compartment_id": "",
                "create_image_allowed": true,
                "defined_tags": {},
                "display_name": "Oracle-Linux-7.9-2023.01.31-2",
                "freeform_tags": {},
                "id": "ocid1.image.oc1.us-sanjose-1.aaaaaaaachj7mbuwlfxue7fasbs4sjblqz3lmjwujyunrcwy3w6n5sdz2s4a",
                "image_source_details": [],
                "instance_id": "",
                "launch_mode": "NATIVE",
                "launch_options": [
                  {
                    "boot_volume_type": "PARAVIRTUALIZED",
                    "firmware": "UEFI_64",
                    "is_consistent_volume_naming_enabled": true,
                    "is_pv_encryption_in_transit_enabled": true,
                    "network_type": "PARAVIRTUALIZED",
                    "remote_data_volume_type": "PARAVIRTUALIZED"
                  }
                ],
                "listing_type": "",
                "operating_system": "Oracle Linux",
                "operating_system_version": "7.9",
                "size_in_mbs": "47694",
                "state": "AVAILABLE",
                "time_created": "2023-02-07 20:30:56.976 +0000 UTC"
              },
              {
                "agent_features": [],
                "base_image_id": "",
                "billable_size_in_gbs": "6",
                "compartment_id": "",
                "create_image_allowed": true,
                "defined_tags": {},
                "display_name": "Oracle-Linux-7.9-2022.12.15-0",
                "freeform_tags": {},
                "id": "ocid1.image.oc1.us-sanjose-1.aaaaaaaamlmwj55imlnrketefz3ezelz437n3jbtnb6voczbfij5cav6oxaa",
                "image_source_details": [],
                "instance_id": "",
                "launch_mode": "NATIVE",
                "launch_options": [
                  {
                    "boot_volume_type": "PARAVIRTUALIZED",
                    "firmware": "UEFI_64",
                    "is_consistent_volume_naming_enabled": true,
                    "is_pv_encryption_in_transit_enabled": true,
                    "network_type": "PARAVIRTUALIZED",
                    "remote_data_volume_type": "PARAVIRTUALIZED"
                  }
                ],
                "listing_type": "",
                "operating_system": "Oracle Linux",
                "operating_system_version": "7.9",
                "size_in_mbs": "47694",
                "state": "AVAILABLE",
                "time_created": "2022-12-20 15:35:16.671 +0000 UTC"
              }
            ],
            "operating_system": "Oracle Linux",
            "operating_system_version": "7.9",
            "shape": "VM.Standard.E4.Flex",
            "sort_by": null,
            "sort_order": null,
            "state": null
          },
          "sensitive_attributes": []
        }
      ]
    },
    {
      "mode": "data",
      "type": "oci_core_services",
      "name": "AllOCIServices",
      "provider": "provider[\"registry.terraform.io/hashicorp/oci\"]",
      "instances": [
        {
          "schema_version": 0,
          "attributes": {
            "filter": [
              {
                "name": "name",
                "regex": true,
                "values": [
                  "All .* Services In Oracle Services Network"
                ]
              }
            ],
            "id": "CoreServicesDataSource-0",
            "services": [
              {
                "cidr_block": "all-sjc-services-in-oracle-services-network",
                "description": "All SJC Services In Oracle Services Network",
                "id": "ocid1.service.oc1.us-sanjose-1.aaaaaaaa7w72lnqlnse4zc5vubcjv6mhsooz3jlaazcbzq7hnzih26qqiw6a",
                "name": "All SJC Services In Oracle Services Network"
              }
            ]
          },
          "sensitive_attributes": []
        }
      ]
    },
    {
      "mode": "data",
      "type": "oci_identity_availability_domains",
      "name": "ADs",
      "provider": "provider[\"registry.terraform.io/hashicorp/oci\"]",
      "instances": [
        {
          "schema_version": 0,
          "attributes": {
            "availability_domains": [
              {
                "compartment_id": "ocid1.tenancy.oc1..aaaaaaaahugs3yg2bfyfzg7v4hsopl5fxh3tgkg55ea2kqbeawc7bnkkhmoa",
                "id": "ocid1.availabilitydomain.oc1..aaaaaaaavi2wyd6rjjffu5nzgb3gjq4thy46k7sgw5ibh7mu5sq5fyie6t5a",
                "name": "PdLJ:US-SANJOSE-1-AD-1"
              }
            ],
            "compartment_id": "ocid1.tenancy.oc1..aaaaaaaahugs3yg2bfyfzg7v4hsopl5fxh3tgkg55ea2kqbeawc7bnkkhmoa",
            "filter": null,
            "id": "IdentityAvailabilityDomainsDataSource-3822199303"
          },
          "sensitive_attributes": []
        }
      ]
    },
    {
      "mode": "data",
      "type": "oci_identity_region_subscriptions",
      "name": "home_region_subscriptions",
      "provider": "provider[\"registry.terraform.io/hashicorp/oci\"]",
      "instances": [
        {
          "schema_version": 0,
          "attributes": {
            "filter": [
              {
                "name": "is_home_region",
                "regex": false,
                "values": [
                  "true"
                ]
              }
            ],
            "id": "IdentityRegionSubscriptionsDataSource-3822199303",
            "region_subscriptions": [
              {
                "is_home_region": true,
                "region_key": "SJC",
                "region_name": "us-sanjose-1",
                "state": "READY",
                "tenancy_id": ""
              }
            ],
            "tenancy_id": "ocid1.tenancy.oc1..aaaaaaaahugs3yg2bfyfzg7v4hsopl5fxh3tgkg55ea2kqbeawc7bnkkhmoa"
          },
          "sensitive_attributes": []
        }
      ]
    },
    {
      "mode": "managed",
      "type": "null_resource",
      "name": "helm_install",
      "provider": "provider[\"registry.terraform.io/hashicorp/null\"]",
      "instances": [
        {
          "status": "tainted",
          "schema_version": 0,
          "attributes": {
            "id": "7943177945801690182",
            "triggers": null
          },
          "sensitive_attributes": []
        }
      ]
    },
    {
      "mode": "managed",
      "type": "oci_core_internet_gateway",
      "name": "my_igw",
      "provider": "provider[\"registry.terraform.io/hashicorp/oci\"]",
      "instances": [
        {
          "schema_version": 0,
          "attributes": {
            "compartment_id": "ocid1.compartment.oc1..aaaaaaaav6rzk4ljqhdacn367ncxy6kmlhssk5dt54s6xmn5tsoatvrxlupq",
            "defined_tags": {
              "Oracle-Tags.CreatedBy": "default/miguel@doorcounts.com",
              "Oracle-Tags.CreatedOn": "2023-04-06T21:44:52.753Z"
            },
            "display_name": "my_igw",
            "enabled": true,
            "freeform_tags": {},
            "id": "ocid1.internetgateway.oc1.us-sanjose-1.aaaaaaaaelo44ltkkix3hc4zmzjnl5mwxjslollwjzlwsrrug5femvu7qooq",
            "route_table_id": null,
            "state": "AVAILABLE",
            "time_created": "2023-04-06 21:44:52.822 +0000 UTC",
            "timeouts": null,
            "vcn_id": "ocid1.vcn.oc1.us-sanjose-1.amaaaaaak6tenaaa4ir7bfb3pfjhj6x55f577t7asytivuiv72ftpy6j4jlq"
          },
          "sensitive_attributes": [],
          "private": "eyJlMmJmYjczMC1lY2FhLTExZTYtOGY4OC0zNDM2M2JjN2M0YzAiOnsiY3JlYXRlIjoxMjAwMDAwMDAwMDAwLCJkZWxldGUiOjEyMDAwMDAwMDAwMDAsInVwZGF0ZSI6MTIwMDAwMDAwMDAwMH19",
          "dependencies": [
            "oci_core_vcn.my_vcn"
          ]
        }
      ]
    },
    {
      "mode": "managed",
      "type": "oci_core_nat_gateway",
      "name": "my_natgw",
      "provider": "provider[\"registry.terraform.io/hashicorp/oci\"]",
      "instances": [
        {
          "schema_version": 0,
          "attributes": {
            "block_traffic": false,
            "compartment_id": "ocid1.compartment.oc1..aaaaaaaav6rzk4ljqhdacn367ncxy6kmlhssk5dt54s6xmn5tsoatvrxlupq",
            "defined_tags": {
              "Oracle-Tags.CreatedBy": "default/miguel@doorcounts.com",
              "Oracle-Tags.CreatedOn": "2023-04-08T10:08:13.508Z"
            },
            "display_name": "my_natgw",
            "freeform_tags": {},
            "id": "ocid1.natgateway.oc1.us-sanjose-1.aaaaaaaafzu2bcspflflwf5gpkzdwb3hhntyjkdllrmkl2zqr67aadvpigxq",
            "nat_ip": "192.18.142.108",
            "public_ip_id": "ocid1.publicip.oc1.us-sanjose-1.aaaaaaaapgaagz4ozwlev4itlzudxhbfegcx4ykt4mlg3oo57ypf4q4p2w5q",
            "route_table_id": null,
            "state": "AVAILABLE",
            "time_created": "2023-04-08 10:08:13.882 +0000 UTC",
            "timeouts": null,
            "vcn_id": "ocid1.vcn.oc1.us-sanjose-1.amaaaaaak6tenaaa4ir7bfb3pfjhj6x55f577t7asytivuiv72ftpy6j4jlq"
          },
          "sensitive_attributes": [],
          "private": "eyJlMmJmYjczMC1lY2FhLTExZTYtOGY4OC0zNDM2M2JjN2M0YzAiOnsiY3JlYXRlIjoxMjAwMDAwMDAwMDAwLCJkZWxldGUiOjEyMDAwMDAwMDAwMDAsInVwZGF0ZSI6MTIwMDAwMDAwMDAwMH19",
          "dependencies": [
            "oci_core_vcn.my_vcn"
          ]
        }
      ]
    },
    {
      "mode": "managed",
      "type": "oci_core_route_table",
      "name": "my_rt_via_igw",
      "provider": "provider[\"registry.terraform.io/hashicorp/oci\"]",
      "instances": [
        {
          "schema_version": 0,
          "attributes": {
            "compartment_id": "ocid1.compartment.oc1..aaaaaaaav6rzk4ljqhdacn367ncxy6kmlhssk5dt54s6xmn5tsoatvrxlupq",
            "defined_tags": {
              "Oracle-Tags.CreatedBy": "default/miguel@doorcounts.com",
              "Oracle-Tags.CreatedOn": "2023-04-06T21:44:53.552Z"
            },
            "display_name": "my_rt_via_igw",
            "freeform_tags": {},
            "id": "ocid1.routetable.oc1.us-sanjose-1.aaaaaaaaibhpe2mjjhvhmztwqczd25eeqom5cud7ef4y7jlylhpc25h3ik6q",
            "route_rules": [
              {
                "cidr_block": "",
                "description": "",
                "destination": "0.0.0.0/0",
                "destination_type": "CIDR_BLOCK",
                "network_entity_id": "ocid1.internetgateway.oc1.us-sanjose-1.aaaaaaaaelo44ltkkix3hc4zmzjnl5mwxjslollwjzlwsrrug5femvu7qooq",
                "route_type": ""
              }
            ],
            "state": "AVAILABLE",
            "time_created": "2023-04-06 21:44:53.578 +0000 UTC",
            "timeouts": null,
            "vcn_id": "ocid1.vcn.oc1.us-sanjose-1.amaaaaaak6tenaaa4ir7bfb3pfjhj6x55f577t7asytivuiv72ftpy6j4jlq"
          },
          "sensitive_attributes": [],
          "private": "eyJlMmJmYjczMC1lY2FhLTExZTYtOGY4OC0zNDM2M2JjN2M0YzAiOnsiY3JlYXRlIjoxMjAwMDAwMDAwMDAwLCJkZWxldGUiOjEyMDAwMDAwMDAwMDAsInVwZGF0ZSI6MTIwMDAwMDAwMDAwMH19",
          "dependencies": [
            "oci_core_internet_gateway.my_igw",
            "oci_core_vcn.my_vcn"
          ]
        }
      ]
    },
    {
      "mode": "managed",
      "type": "oci_core_route_table",
      "name": "my_rt_via_natgw_and_sg",
      "provider": "provider[\"registry.terraform.io/hashicorp/oci\"]",
      "instances": [
        {
          "schema_version": 0,
          "attributes": {
            "compartment_id": "ocid1.compartment.oc1..aaaaaaaav6rzk4ljqhdacn367ncxy6kmlhssk5dt54s6xmn5tsoatvrxlupq",
            "defined_tags": {
              "Oracle-Tags.CreatedBy": "default/miguel@doorcounts.com",
              "Oracle-Tags.CreatedOn": "2023-04-08T10:08:15.657Z"
            },
            "display_name": "my_rt_via_natgw",
            "freeform_tags": {},
            "id": "ocid1.routetable.oc1.us-sanjose-1.aaaaaaaarcc2zzflcjhnmgj4prsmgxck3f6jtc53qnv2cb3e2ihb2xmo4zba",
            "route_rules": [
              {
                "cidr_block": "",
                "description": "",
                "destination": "0.0.0.0/0",
                "destination_type": "CIDR_BLOCK",
                "network_entity_id": "ocid1.natgateway.oc1.us-sanjose-1.aaaaaaaafzu2bcspflflwf5gpkzdwb3hhntyjkdllrmkl2zqr67aadvpigxq",
                "route_type": ""
              },
              {
                "cidr_block": "",
                "description": "",
                "destination": "all-sjc-services-in-oracle-services-network",
                "destination_type": "SERVICE_CIDR_BLOCK",
                "network_entity_id": "ocid1.servicegateway.oc1.us-sanjose-1.aaaaaaaak2prsfnaxlq7usaw7kwom5cdh62zg6oxdnrgtipp2h7q5zmiuarq",
                "route_type": ""
              }
            ],
            "state": "AVAILABLE",
            "time_created": "2023-04-08 10:08:15.697 +0000 UTC",
            "timeouts": null,
            "vcn_id": "ocid1.vcn.oc1.us-sanjose-1.amaaaaaak6tenaaa4ir7bfb3pfjhj6x55f577t7asytivuiv72ftpy6j4jlq"
          },
          "sensitive_attributes": [],
          "private": "eyJlMmJmYjczMC1lY2FhLTExZTYtOGY4OC0zNDM2M2JjN2M0YzAiOnsiY3JlYXRlIjoxMjAwMDAwMDAwMDAwLCJkZWxldGUiOjEyMDAwMDAwMDAwMDAsInVwZGF0ZSI6MTIwMDAwMDAwMDAwMH19",
          "dependencies": [
            "data.oci_core_services.AllOCIServices",
            "oci_core_nat_gateway.my_natgw",
            "oci_core_service_gateway.my_sg",
            "oci_core_vcn.my_vcn"
          ]
        }
      ]
    },
    {
      "mode": "managed",
      "type": "oci_core_security_list",
      "name": "my_api_endpoint_subnet_sec_list",
      "provider": "provider[\"registry.terraform.io/hashicorp/oci\"]",
      "instances": [
        {
          "schema_version": 0,
          "attributes": {
            "compartment_id": "ocid1.compartment.oc1..aaaaaaaav6rzk4ljqhdacn367ncxy6kmlhssk5dt54s6xmn5tsoatvrxlupq",
            "defined_tags": {
              "Oracle-Tags.CreatedBy": "default/miguel@doorcounts.com",
              "Oracle-Tags.CreatedOn": "2023-04-08T10:08:13.519Z"
            },
            "display_name": "my_api_endpoint_subnet_sec_list",
            "egress_security_rules": [
              {
                "description": "",
                "destination": "192.168.1.0/24",
                "destination_type": "CIDR_BLOCK",
                "icmp_options": [
                  {
                    "code": 4,
                    "type": 3
                  }
                ],
                "protocol": "1",
                "stateless": false,
                "tcp_options": [],
                "udp_options": []
              },
              {
                "description": "",
                "destination": "192.168.1.0/24",
                "destination_type": "CIDR_BLOCK",
                "icmp_options": [],
                "protocol": "6",
                "stateless": false,
                "tcp_options": [],
                "udp_options": []
              },
              {
                "description": "",
                "destination": "all-sjc-services-in-oracle-services-network",
                "destination_type": "SERVICE_CIDR_BLOCK",
                "icmp_options": [],
                "protocol": "6",
                "stateless": false,
                "tcp_options": [
                  {
                    "max": 443,
                    "min": 443,
                    "source_port_range": []
                  }
                ],
                "udp_options": []
              }
            ],
            "freeform_tags": {},
            "id": "ocid1.securitylist.oc1.us-sanjose-1.aaaaaaaagvqqbvhywltbo4tkb7k2dm7p5vlupalmatr4cd7nxgcbmd7nfnda",
            "ingress_security_rules": [
              {
                "description": "",
                "icmp_options": [
                  {
                    "code": 4,
                    "type": 3
                  }
                ],
                "protocol": "1",
                "source": "192.168.1.0/24",
                "source_type": "CIDR_BLOCK",
                "stateless": false,
                "tcp_options": [],
                "udp_options": []
              },
              {
                "description": "",
                "icmp_options": [],
                "protocol": "6",
                "source": "0.0.0.0/0",
                "source_type": "CIDR_BLOCK",
                "stateless": false,
                "tcp_options": [
                  {
                    "max": 6443,
                    "min": 6443,
                    "source_port_range": []
                  }
                ],
                "udp_options": []
              },
              {
                "description": "",
                "icmp_options": [],
                "protocol": "6",
                "source": "192.168.1.0/24",
                "source_type": "CIDR_BLOCK",
                "stateless": false,
                "tcp_options": [
                  {
                    "max": 12250,
                    "min": 12250,
                    "source_port_range": []
                  }
                ],
                "udp_options": []
              },
              {
                "description": "",
                "icmp_options": [],
                "protocol": "6",
                "source": "192.168.1.0/24",
                "source_type": "CIDR_BLOCK",
                "stateless": false,
                "tcp_options": [
                  {
                    "max": 6443,
                    "min": 6443,
                    "source_port_range": []
                  }
                ],
                "udp_options": []
              }
            ],
            "state": "AVAILABLE",
            "time_created": "2023-04-08 10:08:13.578 +0000 UTC",
            "timeouts": null,
            "vcn_id": "ocid1.vcn.oc1.us-sanjose-1.amaaaaaak6tenaaa4ir7bfb3pfjhj6x55f577t7asytivuiv72ftpy6j4jlq"
          },
          "sensitive_attributes": [],
          "private": "eyJlMmJmYjczMC1lY2FhLTExZTYtOGY4OC0zNDM2M2JjN2M0YzAiOnsiY3JlYXRlIjoxMjAwMDAwMDAwMDAwLCJkZWxldGUiOjEyMDAwMDAwMDAwMDAsInVwZGF0ZSI6MTIwMDAwMDAwMDAwMH19",
          "dependencies": [
            "data.oci_core_services.AllOCIServices",
            "oci_core_vcn.my_vcn"
          ]
        }
      ]
    },
    {
      "mode": "managed",
      "type": "oci_core_security_list",
      "name": "my_jenkins_subnet_sec_list",
      "provider": "provider[\"registry.terraform.io/hashicorp/oci\"]",
      "instances": [
        {
          "schema_version": 0,
          "attributes": {
            "compartment_id": "ocid1.compartment.oc1..aaaaaaaav6rzk4ljqhdacn367ncxy6kmlhssk5dt54s6xmn5tsoatvrxlupq",
            "defined_tags": {
              "Oracle-Tags.CreatedBy": "default/miguel@doorcounts.com",
              "Oracle-Tags.CreatedOn": "2023-04-08T10:08:13.530Z"
            },
            "display_name": "my_jenkins_subnet_sec_list",
            "egress_security_rules": [
              {
                "description": "",
                "destination": "0.0.0.0/0",
                "destination_type": "CIDR_BLOCK",
                "icmp_options": [],
                "protocol": "6",
                "stateless": false,
                "tcp_options": [],
                "udp_options": []
              }
            ],
            "freeform_tags": {},
            "id": "ocid1.securitylist.oc1.us-sanjose-1.aaaaaaaaigjcoqw4h5dhkit37qgpt6wwmbx5q57avm5uawtl3s7yfyoclawa",
            "ingress_security_rules": [
              {
                "description": "",
                "icmp_options": [],
                "protocol": "6",
                "source": "0.0.0.0/0",
                "source_type": "CIDR_BLOCK",
                "stateless": false,
                "tcp_options": [
                  {
                    "max": 22,
                    "min": 22,
                    "source_port_range": []
                  }
                ],
                "udp_options": []
              },
              {
                "description": "",
                "icmp_options": [],
                "protocol": "6",
                "source": "0.0.0.0/0",
                "source_type": "CIDR_BLOCK",
                "stateless": false,
                "tcp_options": [
                  {
                    "max": 49187,
                    "min": 49187,
                    "source_port_range": []
                  }
                ],
                "udp_options": []
              },
              {
                "description": "",
                "icmp_options": [],
                "protocol": "6",
                "source": "0.0.0.0/0",
                "source_type": "CIDR_BLOCK",
                "stateless": false,
                "tcp_options": [
                  {
                    "max": 8080,
                    "min": 8080,
                    "source_port_range": []
                  }
                ],
                "udp_options": []
              }
            ],
            "state": "AVAILABLE",
            "time_created": "2023-04-08 10:08:13.569 +0000 UTC",
            "timeouts": null,
            "vcn_id": "ocid1.vcn.oc1.us-sanjose-1.amaaaaaak6tenaaa4ir7bfb3pfjhj6x55f577t7asytivuiv72ftpy6j4jlq"
          },
          "sensitive_attributes": [],
          "private": "eyJlMmJmYjczMC1lY2FhLTExZTYtOGY4OC0zNDM2M2JjN2M0YzAiOnsiY3JlYXRlIjoxMjAwMDAwMDAwMDAwLCJkZWxldGUiOjEyMDAwMDAwMDAwMDAsInVwZGF0ZSI6MTIwMDAwMDAwMDAwMH19",
          "dependencies": [
            "oci_core_vcn.my_vcn"
          ]
        }
      ]
    },
    {
      "mode": "managed",
      "type": "oci_core_security_list",
      "name": "my_nodepool_subnet_sec_list",
      "provider": "provider[\"registry.terraform.io/hashicorp/oci\"]",
      "instances": [
        {
          "schema_version": 0,
          "attributes": {
            "compartment_id": "ocid1.compartment.oc1..aaaaaaaav6rzk4ljqhdacn367ncxy6kmlhssk5dt54s6xmn5tsoatvrxlupq",
            "defined_tags": {
              "Oracle-Tags.CreatedBy": "default/miguel@doorcounts.com",
              "Oracle-Tags.CreatedOn": "2023-04-08T10:08:13.530Z"
            },
            "display_name": "my_nodepool_subnet_sec_list",
            "egress_security_rules": [
              {
                "description": "",
                "destination": "0.0.0.0/0",
                "destination_type": "CIDR_BLOCK",
                "icmp_options": [
                  {
                    "code": 4,
                    "type": 3
                  }
                ],
                "protocol": "1",
                "stateless": false,
                "tcp_options": [],
                "udp_options": []
              },
              {
                "description": "",
                "destination": "0.0.0.0/0",
                "destination_type": "CIDR_BLOCK",
                "icmp_options": [],
                "protocol": "6",
                "stateless": false,
                "tcp_options": [],
                "udp_options": []
              },
              {
                "description": "",
                "destination": "192.168.1.0/24",
                "destination_type": "CIDR_BLOCK",
                "icmp_options": [],
                "protocol": "all",
                "stateless": false,
                "tcp_options": [],
                "udp_options": []
              },
              {
                "description": "",
                "destination": "192.168.3.0/24",
                "destination_type": "CIDR_BLOCK",
                "icmp_options": [],
                "protocol": "6",
                "stateless": false,
                "tcp_options": [
                  {
                    "max": 12250,
                    "min": 12250,
                    "source_port_range": []
                  }
                ],
                "udp_options": []
              },
              {
                "description": "",
                "destination": "192.168.3.0/24",
                "destination_type": "CIDR_BLOCK",
                "icmp_options": [],
                "protocol": "6",
                "stateless": false,
                "tcp_options": [
                  {
                    "max": 6443,
                    "min": 6443,
                    "source_port_range": []
                  }
                ],
                "udp_options": []
              },
              {
                "description": "",
                "destination": "all-sjc-services-in-oracle-services-network",
                "destination_type": "SERVICE_CIDR_BLOCK",
                "icmp_options": [],
                "protocol": "6",
                "stateless": false,
                "tcp_options": [],
                "udp_options": []
              }
            ],
            "freeform_tags": {},
            "id": "ocid1.securitylist.oc1.us-sanjose-1.aaaaaaaabr57xkfqg6i63mnbafkr2d5rqtxmyvgi6has5tnatplzj5tnwama",
            "ingress_security_rules": [
              {
                "description": "",
                "icmp_options": [
                  {
                    "code": 4,
                    "type": 3
                  }
                ],
                "protocol": "1",
                "source": "0.0.0.0/0",
                "source_type": "CIDR_BLOCK",
                "stateless": false,
                "tcp_options": [],
                "udp_options": []
              },
              {
                "description": "",
                "icmp_options": [],
                "protocol": "6",
                "source": "0.0.0.0/0",
                "source_type": "CIDR_BLOCK",
                "stateless": false,
                "tcp_options": [
                  {
                    "max": 22,
                    "min": 22,
                    "source_port_range": []
                  }
                ],
                "udp_options": []
              },
              {
                "description": "",
                "icmp_options": [],
                "protocol": "6",
                "source": "192.168.3.0/24",
                "source_type": "CIDR_BLOCK",
                "stateless": false,
                "tcp_options": [],
                "udp_options": []
              },
              {
                "description": "",
                "icmp_options": [],
                "protocol": "all",
                "source": "192.168.1.0/24",
                "source_type": "CIDR_BLOCK",
                "stateless": false,
                "tcp_options": [],
                "udp_options": []
              }
            ],
            "state": "AVAILABLE",
            "time_created": "2023-04-08 10:08:13.574 +0000 UTC",
            "timeouts": null,
            "vcn_id": "ocid1.vcn.oc1.us-sanjose-1.amaaaaaak6tenaaa4ir7bfb3pfjhj6x55f577t7asytivuiv72ftpy6j4jlq"
          },
          "sensitive_attributes": [],
          "private": "eyJlMmJmYjczMC1lY2FhLTExZTYtOGY4OC0zNDM2M2JjN2M0YzAiOnsiY3JlYXRlIjoxMjAwMDAwMDAwMDAwLCJkZWxldGUiOjEyMDAwMDAwMDAwMDAsInVwZGF0ZSI6MTIwMDAwMDAwMDAwMH19",
          "dependencies": [
            "data.oci_core_services.AllOCIServices",
            "oci_core_vcn.my_vcn"
          ]
        }
      ]
    },
    {
      "mode": "managed",
      "type": "oci_core_service_gateway",
      "name": "my_sg",
      "provider": "provider[\"registry.terraform.io/hashicorp/oci\"]",
      "instances": [
        {
          "schema_version": 0,
          "attributes": {
            "block_traffic": false,
            "compartment_id": "ocid1.compartment.oc1..aaaaaaaav6rzk4ljqhdacn367ncxy6kmlhssk5dt54s6xmn5tsoatvrxlupq",
            "defined_tags": {
              "Oracle-Tags.CreatedBy": "default/miguel@doorcounts.com",
              "Oracle-Tags.CreatedOn": "2023-04-08T10:08:13.550Z"
            },
            "display_name": "my_sg",
            "freeform_tags": {},
            "id": "ocid1.servicegateway.oc1.us-sanjose-1.aaaaaaaak2prsfnaxlq7usaw7kwom5cdh62zg6oxdnrgtipp2h7q5zmiuarq",
            "route_table_id": null,
            "services": [
              {
                "service_id": "ocid1.service.oc1.us-sanjose-1.aaaaaaaa7w72lnqlnse4zc5vubcjv6mhsooz3jlaazcbzq7hnzih26qqiw6a",
                "service_name": "All SJC Services In Oracle Services Network"
              }
            ],
            "state": "AVAILABLE",
            "time_created": "2023-04-08 10:08:14.156 +0000 UTC",
            "timeouts": null,
            "vcn_id": "ocid1.vcn.oc1.us-sanjose-1.amaaaaaak6tenaaa4ir7bfb3pfjhj6x55f577t7asytivuiv72ftpy6j4jlq"
          },
          "sensitive_attributes": [],
          "private": "eyJlMmJmYjczMC1lY2FhLTExZTYtOGY4OC0zNDM2M2JjN2M0YzAiOnsiY3JlYXRlIjoxMjAwMDAwMDAwMDAwLCJkZWxldGUiOjEyMDAwMDAwMDAwMDAsInVwZGF0ZSI6MTIwMDAwMDAwMDAwMH19",
          "dependencies": [
            "data.oci_core_services.AllOCIServices",
            "oci_core_vcn.my_vcn"
          ]
        }
      ]
    },
    {
      "mode": "managed",
      "type": "oci_core_subnet",
      "name": "my_api_endpoint_subnet",
      "provider": "provider[\"registry.terraform.io/hashicorp/oci\"]",
      "instances": [
        {
          "schema_version": 0,
          "attributes": {
            "availability_domain": null,
            "cidr_block": "192.168.3.0/24",
            "compartment_id": "ocid1.compartment.oc1..aaaaaaaav6rzk4ljqhdacn367ncxy6kmlhssk5dt54s6xmn5tsoatvrxlupq",
            "defined_tags": {
              "Oracle-Tags.CreatedBy": "default/miguel@doorcounts.com",
              "Oracle-Tags.CreatedOn": "2023-04-08T10:08:14.187Z"
            },
            "dhcp_options_id": "ocid1.dhcpoptions.oc1.us-sanjose-1.aaaaaaaayepzw4klq7jj7n2wdlxnblz57dj6ejiiczblkd5jg6lylwn4hoga",
            "display_name": "my_api_endpoint_subnet",
            "dns_label": null,
            "freeform_tags": {},
            "id": "ocid1.subnet.oc1.us-sanjose-1.aaaaaaaaeuoaji3gp6puwheod5vv67sz4hcniom2dnmtenn7nqhdlltxv7aa",
            "ipv6cidr_block": null,
            "ipv6cidr_blocks": [],
            "ipv6virtual_router_ip": null,
            "prohibit_internet_ingress": true,
            "prohibit_public_ip_on_vnic": true,
            "route_table_id": "ocid1.routetable.oc1.us-sanjose-1.aaaaaaaarcc2zzflcjhnmgj4prsmgxck3f6jtc53qnv2cb3e2ihb2xmo4zba",
            "security_list_ids": [
              "ocid1.securitylist.oc1.us-sanjose-1.aaaaaaaagvqqbvhywltbo4tkb7k2dm7p5vlupalmatr4cd7nxgcbmd7nfnda",
              "ocid1.securitylist.oc1.us-sanjose-1.aaaaaaaaobnpyjrmdzvbzkdojqm3j65p5qtlhtivfrrv2jyovdzndx7mwyga"
            ],
            "state": "AVAILABLE",
            "subnet_domain_name": null,
            "time_created": "2023-04-08 10:08:16.477 +0000 UTC",
            "timeouts": null,
            "vcn_id": "ocid1.vcn.oc1.us-sanjose-1.amaaaaaak6tenaaa4ir7bfb3pfjhj6x55f577t7asytivuiv72ftpy6j4jlq",
            "virtual_router_ip": "192.168.3.1",
            "virtual_router_mac": "00:00:17:7D:B8:EC"
          },
          "sensitive_attributes": [],
          "private": "eyJlMmJmYjczMC1lY2FhLTExZTYtOGY4OC0zNDM2M2JjN2M0YzAiOnsiY3JlYXRlIjoxMjAwMDAwMDAwMDAwLCJkZWxldGUiOjEyMDAwMDAwMDAwMDAsInVwZGF0ZSI6MTIwMDAwMDAwMDAwMH19",
          "dependencies": [
            "data.oci_core_services.AllOCIServices",
            "oci_core_nat_gateway.my_natgw",
            "oci_core_route_table.my_rt_via_natgw_and_sg",
            "oci_core_security_list.my_api_endpoint_subnet_sec_list",
            "oci_core_service_gateway.my_sg",
            "oci_core_vcn.my_vcn"
          ]
        }
      ]
    },
    {
      "mode": "managed",
      "type": "oci_core_subnet",
      "name": "my_jenkins_subnet",
      "provider": "provider[\"registry.terraform.io/hashicorp/oci\"]",
      "instances": [
        {
          "schema_version": 0,
          "attributes": {
            "availability_domain": null,
            "cidr_block": "192.168.4.0/24",
            "compartment_id": "ocid1.compartment.oc1..aaaaaaaav6rzk4ljqhdacn367ncxy6kmlhssk5dt54s6xmn5tsoatvrxlupq",
            "defined_tags": {
              "Oracle-Tags.CreatedBy": "default/miguel@doorcounts.com",
              "Oracle-Tags.CreatedOn": "2023-04-08T10:08:14.187Z"
            },
            "dhcp_options_id": "ocid1.dhcpoptions.oc1.us-sanjose-1.aaaaaaaayepzw4klq7jj7n2wdlxnblz57dj6ejiiczblkd5jg6lylwn4hoga",
            "display_name": "my_jenkins_subnet",
            "dns_label": "jenkins",
            "freeform_tags": {},
            "id": "ocid1.subnet.oc1.us-sanjose-1.aaaaaaaawzgb47eil7lsybjlltf44b4wyvesdung6cldm4zxjmc2vqhkzlva",
            "ipv6cidr_block": null,
            "ipv6cidr_blocks": [],
            "ipv6virtual_router_ip": null,
            "prohibit_internet_ingress": false,
            "prohibit_public_ip_on_vnic": false,
            "route_table_id": "ocid1.routetable.oc1.us-sanjose-1.aaaaaaaaibhpe2mjjhvhmztwqczd25eeqom5cud7ef4y7jlylhpc25h3ik6q",
            "security_list_ids": [
              "ocid1.securitylist.oc1.us-sanjose-1.aaaaaaaaigjcoqw4h5dhkit37qgpt6wwmbx5q57avm5uawtl3s7yfyoclawa",
              "ocid1.securitylist.oc1.us-sanjose-1.aaaaaaaaobnpyjrmdzvbzkdojqm3j65p5qtlhtivfrrv2jyovdzndx7mwyga"
            ],
            "state": "AVAILABLE",
            "subnet_domain_name": "jenkins.myvcn.oraclevcn.com",
            "time_created": "2023-04-08 10:08:14.283 +0000 UTC",
            "timeouts": null,
            "vcn_id": "ocid1.vcn.oc1.us-sanjose-1.amaaaaaak6tenaaa4ir7bfb3pfjhj6x55f577t7asytivuiv72ftpy6j4jlq",
            "virtual_router_ip": "192.168.4.1",
            "virtual_router_mac": "00:00:17:7D:B8:EC"
          },
          "sensitive_attributes": [],
          "private": "eyJlMmJmYjczMC1lY2FhLTExZTYtOGY4OC0zNDM2M2JjN2M0YzAiOnsiY3JlYXRlIjoxMjAwMDAwMDAwMDAwLCJkZWxldGUiOjEyMDAwMDAwMDAwMDAsInVwZGF0ZSI6MTIwMDAwMDAwMDAwMH19",
          "dependencies": [
            "oci_core_internet_gateway.my_igw",
            "oci_core_route_table.my_rt_via_igw",
            "oci_core_security_list.my_jenkins_subnet_sec_list",
            "oci_core_vcn.my_vcn"
          ]
        }
      ]
    },
    {
      "mode": "managed",
      "type": "oci_core_subnet",
      "name": "my_lb_subnet",
      "provider": "provider[\"registry.terraform.io/hashicorp/oci\"]",
      "instances": [
        {
          "schema_version": 0,
          "attributes": {
            "availability_domain": null,
            "cidr_block": "192.168.2.0/24",
            "compartment_id": "ocid1.compartment.oc1..aaaaaaaav6rzk4ljqhdacn367ncxy6kmlhssk5dt54s6xmn5tsoatvrxlupq",
            "defined_tags": {
              "Oracle-Tags.CreatedBy": "default/miguel@doorcounts.com",
              "Oracle-Tags.CreatedOn": "2023-04-06T21:44:54.249Z"
            },
            "dhcp_options_id": "ocid1.dhcpoptions.oc1.us-sanjose-1.aaaaaaaayepzw4klq7jj7n2wdlxnblz57dj6ejiiczblkd5jg6lylwn4hoga",
            "display_name": "my_lb_subnet",
            "dns_label": null,
            "freeform_tags": {},
            "id": "ocid1.subnet.oc1.us-sanjose-1.aaaaaaaach7ocqx3u7ih3t7ltdltpvbdp3hxmufny3fs2d5d4jcfmnvovijq",
            "ipv6cidr_block": null,
            "ipv6cidr_blocks": [],
            "ipv6virtual_router_ip": null,
            "prohibit_internet_ingress": false,
            "prohibit_public_ip_on_vnic": false,
            "route_table_id": "ocid1.routetable.oc1.us-sanjose-1.aaaaaaaaibhpe2mjjhvhmztwqczd25eeqom5cud7ef4y7jlylhpc25h3ik6q",
            "security_list_ids": [
              "ocid1.securitylist.oc1.us-sanjose-1.aaaaaaaaobnpyjrmdzvbzkdojqm3j65p5qtlhtivfrrv2jyovdzndx7mwyga"
            ],
            "state": "AVAILABLE",
            "subnet_domain_name": null,
            "time_created": "2023-04-06 21:44:54.301 +0000 UTC",
            "timeouts": null,
            "vcn_id": "ocid1.vcn.oc1.us-sanjose-1.amaaaaaak6tenaaa4ir7bfb3pfjhj6x55f577t7asytivuiv72ftpy6j4jlq",
            "virtual_router_ip": "192.168.2.1",
            "virtual_router_mac": "00:00:17:7D:B8:EC"
          },
          "sensitive_attributes": [],
          "private": "eyJlMmJmYjczMC1lY2FhLTExZTYtOGY4OC0zNDM2M2JjN2M0YzAiOnsiY3JlYXRlIjoxMjAwMDAwMDAwMDAwLCJkZWxldGUiOjEyMDAwMDAwMDAwMDAsInVwZGF0ZSI6MTIwMDAwMDAwMDAwMH19",
          "dependencies": [
            "oci_core_internet_gateway.my_igw",
            "oci_core_route_table.my_rt_via_igw",
            "oci_core_vcn.my_vcn"
          ]
        }
      ]
    },
    {
      "mode": "managed",
      "type": "oci_core_subnet",
      "name": "my_nodepool_subnet",
      "provider": "provider[\"registry.terraform.io/hashicorp/oci\"]",
      "instances": [
        {
          "schema_version": 0,
          "attributes": {
            "availability_domain": null,
            "cidr_block": "192.168.1.0/24",
            "compartment_id": "ocid1.compartment.oc1..aaaaaaaav6rzk4ljqhdacn367ncxy6kmlhssk5dt54s6xmn5tsoatvrxlupq",
            "defined_tags": {
              "Oracle-Tags.CreatedBy": "default/miguel@doorcounts.com",
              "Oracle-Tags.CreatedOn": "2023-04-08T10:08:14.187Z"
            },
            "dhcp_options_id": "ocid1.dhcpoptions.oc1.us-sanjose-1.aaaaaaaayepzw4klq7jj7n2wdlxnblz57dj6ejiiczblkd5jg6lylwn4hoga",
            "display_name": "my_nodepool_subnet",
            "dns_label": null,
            "freeform_tags": {},
            "id": "ocid1.subnet.oc1.us-sanjose-1.aaaaaaaalaznusgpl5gaw3dx7tmetj6yvxw537jio5oxonpjgfmfcqfnm6fq",
            "ipv6cidr_block": null,
            "ipv6cidr_blocks": [],
            "ipv6virtual_router_ip": null,
            "prohibit_internet_ingress": true,
            "prohibit_public_ip_on_vnic": true,
            "route_table_id": "ocid1.routetable.oc1.us-sanjose-1.aaaaaaaarcc2zzflcjhnmgj4prsmgxck3f6jtc53qnv2cb3e2ihb2xmo4zba",
            "security_list_ids": [
              "ocid1.securitylist.oc1.us-sanjose-1.aaaaaaaabr57xkfqg6i63mnbafkr2d5rqtxmyvgi6has5tnatplzj5tnwama",
              "ocid1.securitylist.oc1.us-sanjose-1.aaaaaaaaobnpyjrmdzvbzkdojqm3j65p5qtlhtivfrrv2jyovdzndx7mwyga"
            ],
            "state": "AVAILABLE",
            "subnet_domain_name": null,
            "time_created": "2023-04-08 10:08:16.83 +0000 UTC",
            "timeouts": null,
            "vcn_id": "ocid1.vcn.oc1.us-sanjose-1.amaaaaaak6tenaaa4ir7bfb3pfjhj6x55f577t7asytivuiv72ftpy6j4jlq",
            "virtual_router_ip": "192.168.1.1",
            "virtual_router_mac": "00:00:17:7D:B8:EC"
          },
          "sensitive_attributes": [],
          "private": "eyJlMmJmYjczMC1lY2FhLTExZTYtOGY4OC0zNDM2M2JjN2M0YzAiOnsiY3JlYXRlIjoxMjAwMDAwMDAwMDAwLCJkZWxldGUiOjEyMDAwMDAwMDAwMDAsInVwZGF0ZSI6MTIwMDAwMDAwMDAwMH19",
          "dependencies": [
            "data.oci_core_services.AllOCIServices",
            "oci_core_nat_gateway.my_natgw",
            "oci_core_route_table.my_rt_via_natgw_and_sg",
            "oci_core_security_list.my_nodepool_subnet_sec_list",
            "oci_core_service_gateway.my_sg",
            "oci_core_vcn.my_vcn"
          ]
        }
      ]
    },
    {
      "mode": "managed",
      "type": "oci_core_vcn",
      "name": "my_vcn",
      "provider": "provider[\"registry.terraform.io/hashicorp/oci\"]",
      "instances": [
        {
          "schema_version": 0,
          "attributes": {
            "byoipv6cidr_blocks": [],
            "byoipv6cidr_details": [],
            "cidr_block": "192.168.0.0/16",
            "cidr_blocks": [
              "192.168.0.0/16"
            ],
            "compartment_id": "ocid1.compartment.oc1..aaaaaaaav6rzk4ljqhdacn367ncxy6kmlhssk5dt54s6xmn5tsoatvrxlupq",
            "default_dhcp_options_id": "ocid1.dhcpoptions.oc1.us-sanjose-1.aaaaaaaayepzw4klq7jj7n2wdlxnblz57dj6ejiiczblkd5jg6lylwn4hoga",
            "default_route_table_id": "ocid1.routetable.oc1.us-sanjose-1.aaaaaaaaq6budssjrjwevvhq6jaboe5acezikn2rrskq3vnwdfhhnht3gsva",
            "default_security_list_id": "ocid1.securitylist.oc1.us-sanjose-1.aaaaaaaaobnpyjrmdzvbzkdojqm3j65p5qtlhtivfrrv2jyovdzndx7mwyga",
            "defined_tags": {
              "Oracle-Tags.CreatedBy": "default/miguel@doorcounts.com",
              "Oracle-Tags.CreatedOn": "2023-04-06T21:44:51.455Z"
            },
            "display_name": "my_vcn",
            "dns_label": "myvcn",
            "freeform_tags": {},
            "id": "ocid1.vcn.oc1.us-sanjose-1.amaaaaaak6tenaaa4ir7bfb3pfjhj6x55f577t7asytivuiv72ftpy6j4jlq",
            "ipv6cidr_blocks": [],
            "ipv6private_cidr_blocks": [],
            "is_ipv6enabled": false,
            "is_oracle_gua_allocation_enabled": null,
            "state": "AVAILABLE",
            "time_created": "2023-04-06 21:44:51.584 +0000 UTC",
            "timeouts": null,
            "vcn_domain_name": "myvcn.oraclevcn.com"
          },
          "sensitive_attributes": [],
          "private": "eyJlMmJmYjczMC1lY2FhLTExZTYtOGY4OC0zNDM2M2JjN2M0YzAiOnsiY3JlYXRlIjoxMjAwMDAwMDAwMDAwLCJkZWxldGUiOjEyMDAwMDAwMDAwMDAsInVwZGF0ZSI6MTIwMDAwMDAwMDAwMH19"
        }
      ]
    },
    {
      "mode": "managed",
      "type": "oci_identity_tag",
      "name": "ArchitectureCenterTag",
      "provider": "provider[\"registry.terraform.io/hashicorp/oci\"].homeregion",
      "instances": [
        {
          "schema_version": 0,
          "attributes": {
            "defined_tags": {
              "Oracle-Tags.CreatedBy": "default/miguel@doorcounts.com",
              "Oracle-Tags.CreatedOn": "2023-04-08T10:08:24.652Z"
            },
            "description": "ArchitectureCenterTag",
            "freeform_tags": {},
            "id": "ocid1.tagdefinition.oc1..aaaaaaaahtzme7nx4pxpd5nfbgy74xvuzacwqyt72trjzxcd67m7azstcmkq",
            "is_cost_tracking": false,
            "is_retired": false,
            "name": "release",
            "state": "ACTIVE",
            "tag_namespace_id": "ocid1.tagnamespace.oc1..aaaaaaaa3tvvj4meujgxweeg3fnknn6sfj5ghmspxbzgq2bttki2e5locqsq",
            "time_created": "2023-04-08 10:08:24.726 +0000 UTC",
            "timeouts": null,
            "validator": [
              {
                "validator_type": "ENUM",
                "values": [
                  "release",
                  "1.0.2"
                ]
              }
            ]
          },
          "sensitive_attributes": [],
          "private": "eyJlMmJmYjczMC1lY2FhLTExZTYtOGY4OC0zNDM2M2JjN2M0YzAiOnsiY3JlYXRlIjo5MDAwMDAwMDAwMDAsImRlbGV0ZSI6NDMyMDAwMDAwMDAwMDAsInVwZGF0ZSI6OTAwMDAwMDAwMDAwfX0=",
          "dependencies": [
            "data.oci_identity_region_subscriptions.home_region_subscriptions",
            "oci_identity_tag_namespace.ArchitectureCenterTagNamespace",
            "random_id.tag"
          ]
        }
      ]
    },
    {
      "mode": "managed",
      "type": "oci_identity_tag_namespace",
      "name": "ArchitectureCenterTagNamespace",
      "provider": "provider[\"registry.terraform.io/hashicorp/oci\"].homeregion",
      "instances": [
        {
          "schema_version": 0,
          "attributes": {
            "compartment_id": "ocid1.compartment.oc1..aaaaaaaav6rzk4ljqhdacn367ncxy6kmlhssk5dt54s6xmn5tsoatvrxlupq",
            "defined_tags": {
              "Oracle-Tags.CreatedBy": "default/miguel@doorcounts.com",
              "Oracle-Tags.CreatedOn": "2023-04-08T10:08:13.560Z"
            },
            "description": "ArchitectureCenterTagNamespace",
            "freeform_tags": {},
            "id": "ocid1.tagnamespace.oc1..aaaaaaaa3tvvj4meujgxweeg3fnknn6sfj5ghmspxbzgq2bttki2e5locqsq",
            "is_retired": false,
            "name": "ArchitectureCenter\\cicd-pipeline-d220",
            "state": "ACTIVE",
            "time_created": "2023-04-08 10:08:13.695 +0000 UTC",
            "timeouts": null
          },
          "sensitive_attributes": [],
          "private": "eyJlMmJmYjczMC1lY2FhLTExZTYtOGY4OC0zNDM2M2JjN2M0YzAiOnsiY3JlYXRlIjoxMjAwMDAwMDAwMDAwLCJkZWxldGUiOjEyMDAwMDAwMDAwMDAsInVwZGF0ZSI6MTIwMDAwMDAwMDAwMH19",
          "dependencies": [
            "data.oci_identity_region_subscriptions.home_region_subscriptions",
            "random_id.tag"
          ]
        }
      ]
    },
    {
      "mode": "managed",
      "type": "random_id",
      "name": "tag",
      "provider": "provider[\"registry.terraform.io/hashicorp/random\"]",
      "instances": [
        {
          "schema_version": 0,
          "attributes": {
            "b64_std": "0iA=",
            "b64_url": "0iA",
            "byte_length": 2,
            "dec": "53792",
            "hex": "d220",
            "id": "0iA",
            "keepers": null,
            "prefix": null
          },
          "sensitive_attributes": []
        }
      ]
    },
    {
      "mode": "managed",
      "type": "tls_private_key",
      "name": "public_private_key_pair",
      "provider": "provider[\"registry.terraform.io/hashicorp/tls\"]",
      "instances": [
        {
          "schema_version": 1,
          "attributes": {
            "algorithm": "RSA",
            "ecdsa_curve": "P224",
            "id": "e8ede280e5528811cf7673a62a2bebf5f1ff7644",
            "private_key_openssh": "-----BEGIN OPENSSH PRIVATE KEY-----\nb3BlbnNzaC1rZXktdjEAAAAABG5vbmUAAAAEbm9uZQAAAAAAAAABAAABFwAAAAdz\nc2gtcnNhAAAAAwEAAQAAAQEA7KPhZmuv2Qhu+IL5T/WokROfnlYxv2z9PMAum0bF\nRoVo/ndkvRNvsLKFHI49jMBd1EABaO7Ye+8POYpinmq9scH7QoQw+7waJSARq6nU\nE5+m2Vcovjg0SyEdcXglJo7wDsao325UVVMJdYwy2WCdo3khT7FE/V7QmuqrqEiT\nr+WCQCapog7UUSRv4naK1EZN7samLe/9O49meQ1851A41GSgCP+nt1Ua2omJeV0G\nqPED3w6+HODQOhBZvpMFtu0hC1dc9UMLREHBHDft/vvNMAPu3BlUBiGfAkf5oCnd\nHBM0iBEnKHaiO6YhvhlQwl5ijWZXAgvc+hwo8VLYXUXb5QAAA7jpmVVe6ZlVXgAA\nAAdzc2gtcnNhAAABAQDso+Fma6/ZCG74gvlP9aiRE5+eVjG/bP08wC6bRsVGhWj+\nd2S9E2+wsoUcjj2MwF3UQAFo7th77w85imKear2xwftChDD7vBolIBGrqdQTn6bZ\nVyi+ODRLIR1xeCUmjvAOxqjfblRVUwl1jDLZYJ2jeSFPsUT9XtCa6quoSJOv5YJA\nJqmiDtRRJG/idorURk3uxqYt7/07j2Z5DXznUDjUZKAI/6e3VRraiYl5XQao8QPf\nDr4c4NA6EFm+kwW27SELV1z1QwtEQcEcN+3++80wA+7cGVQGIZ8CR/mgKd0cEzSI\nEScodqI7piG+GVDCXmKNZlcCC9z6HCjxUthdRdvlAAAAAwEAAQAAAQBBnX9WYu2z\nhD8g8VAn97nx4DsWMFhC9/mP6soBjDIPR9bBGGH6e3UwzY9TR62RZZWe0NCTRAcK\n9lKGZfTKcFaA/4SoAPeEFbg6KxY7Py/q8Q3WnfBSLktxuZDscZ/7fQ7bSgJxUapY\nrlmlGmbPF5ceSOwPqNu0VaIKEp/eXaF11+kuQvEA0K34ABbH/oGejIlXK1OrCJZX\nZ9urgQSCZgPirxPV61xHCRSj2ocaF0rYAO4V6Hmpuw2hQa5/rZVNeoXW+l+0anTI\nd0um1ltSZG7/FrLBzFWy9NhLqRfYoxWuZTy0cHNZVZChGasw8yfZoKYoqOLM6dN3\n308USfilxWpRAAAAgQDoxwKeetGVz03P9AcbfIdFzVmTb/b6gEZn6qP8CT3M1eQN\nRa8U3BahCVhRvKi2AO8DVVsgXBPNQDjq68uwS6W2UnnHHobQS9hojF9byldVWsF/\nB6y3RRuOiFJLfn7vZQ1PmOV2iNsl79Cff09YQVyIiz9CR7Ei2m8dOV5pAQK+QQAA\nAIEA8hDLEsjVQ+xXRGB13KD5KcUCIbEPFF7Ox9YgXMhHdU/gsUlvCxYdJe9+rP3g\nVl3uWqFSXtmlgJX3rbKhhEijjhED5GjBHzePNKxR/RLpn8gPiAzZLl0Uh42aosAz\nMNr32Jjxg/KG2sXdD3+/mtiex2D+gws8jY3O8xgeJaUjCmMAAACBAPpDIpKumaid\nZ5ZY2UTPawIwIDdPkbfH/AarFl+xVzpLZAC1xXAF12Br7XYHUKpxRoiv3Z/6arX4\nEXZwMIxDaD0FtLGmHdOqQIzNL6xjtNdsC13XxbRn7jjdTN/Wn9xM5ju7/1oK7aqg\nor+1quZ54sWWPsGRigzZact26niulW8XAAAAAAEC\n-----END OPENSSH PRIVATE KEY-----\n",
            "private_key_pem": "-----BEGIN RSA PRIVATE KEY-----\nMIIEpQIBAAKCAQEA7KPhZmuv2Qhu+IL5T/WokROfnlYxv2z9PMAum0bFRoVo/ndk\nvRNvsLKFHI49jMBd1EABaO7Ye+8POYpinmq9scH7QoQw+7waJSARq6nUE5+m2Vco\nvjg0SyEdcXglJo7wDsao325UVVMJdYwy2WCdo3khT7FE/V7QmuqrqEiTr+WCQCap\nog7UUSRv4naK1EZN7samLe/9O49meQ1851A41GSgCP+nt1Ua2omJeV0GqPED3w6+\nHODQOhBZvpMFtu0hC1dc9UMLREHBHDft/vvNMAPu3BlUBiGfAkf5oCndHBM0iBEn\nKHaiO6YhvhlQwl5ijWZXAgvc+hwo8VLYXUXb5QIDAQABAoIBAEGdf1Zi7bOEPyDx\nUCf3ufHgOxYwWEL3+Y/qygGMMg9H1sEYYfp7dTDNj1NHrZFllZ7Q0JNEBwr2UoZl\n9MpwVoD/hKgA94QVuDorFjs/L+rxDdad8FIuS3G5kOxxn/t9DttKAnFRqliuWaUa\nZs8Xlx5I7A+o27RVogoSn95doXXX6S5C8QDQrfgAFsf+gZ6MiVcrU6sIlldn26uB\nBIJmA+KvE9XrXEcJFKPahxoXStgA7hXoeam7DaFBrn+tlU16hdb6X7RqdMh3S6bW\nW1Jkbv8WssHMVbL02EupF9ijFa5lPLRwc1lVkKEZqzDzJ9mgpiio4szp03ffTxRJ\n+KXFalECgYEA8hDLEsjVQ+xXRGB13KD5KcUCIbEPFF7Ox9YgXMhHdU/gsUlvCxYd\nJe9+rP3gVl3uWqFSXtmlgJX3rbKhhEijjhED5GjBHzePNKxR/RLpn8gPiAzZLl0U\nh42aosAzMNr32Jjxg/KG2sXdD3+/mtiex2D+gws8jY3O8xgeJaUjCmMCgYEA+kMi\nkq6ZqJ1nlljZRM9rAjAgN0+Rt8f8BqsWX7FXOktkALXFcAXXYGvtdgdQqnFGiK/d\nn/pqtfgRdnAwjENoPQW0saYd06pAjM0vrGO012wLXdfFtGfuON1M39af3EzmO7v/\nWgrtqqCiv7Wq5nnixZY+wZGKDNlpy3bqeK6VbxcCgYEAieNvCmBEu9BhVZ3tBaTc\nyiJjOHX3tQ7ck5EyFigwLG83+0Vtb89FA1sNudVUeV5AbHgAx+8LC9hhohxjTUtj\nf4XJxc62U+X+OW7/tT2Uv2PjFQjcnkB/dUgAkj0R6/6PuF5HFXaNwwl7B10p9Db5\nG3HxCQzZjXj+LhPK+H69GykCgYEAh3CF6XRs3IAza36yNzc55nk9NjHt3tRwZPt6\npFdJqdbbTDcTn0jKAvjmDpZu5Y9gaOEkxEu2LL0QVlTpMT/ZzgykefA4/DCLtqfl\nQRrE6EEk9ais6rHEjynVTN7OrV9Ayts3mveHIGzHJ5Gd6BXW0LA7Tm8Bk2qmguLc\nimuRnAkCgYEA6McCnnrRlc9Nz/QHG3yHRc1Zk2/2+oBGZ+qj/Ak9zNXkDUWvFNwW\noQlYUbyotgDvA1VbIFwTzUA46uvLsEultlJ5xx6G0EvYaIxfW8pXVVrBfwest0Ub\njohSS35+72UNT5jldojbJe/Qn39PWEFciIs/QkexItpvHTleaQECvkE=\n-----END RSA PRIVATE KEY-----\n",
            "private_key_pem_pkcs8": "-----BEGIN PRIVATE KEY-----\nMIIEvwIBADANBgkqhkiG9w0BAQEFAASCBKkwggSlAgEAAoIBAQDso+Fma6/ZCG74\ngvlP9aiRE5+eVjG/bP08wC6bRsVGhWj+d2S9E2+wsoUcjj2MwF3UQAFo7th77w85\nimKear2xwftChDD7vBolIBGrqdQTn6bZVyi+ODRLIR1xeCUmjvAOxqjfblRVUwl1\njDLZYJ2jeSFPsUT9XtCa6quoSJOv5YJAJqmiDtRRJG/idorURk3uxqYt7/07j2Z5\nDXznUDjUZKAI/6e3VRraiYl5XQao8QPfDr4c4NA6EFm+kwW27SELV1z1QwtEQcEc\nN+3++80wA+7cGVQGIZ8CR/mgKd0cEzSIEScodqI7piG+GVDCXmKNZlcCC9z6HCjx\nUthdRdvlAgMBAAECggEAQZ1/VmLts4Q/IPFQJ/e58eA7FjBYQvf5j+rKAYwyD0fW\nwRhh+nt1MM2PU0etkWWVntDQk0QHCvZShmX0ynBWgP+EqAD3hBW4OisWOz8v6vEN\n1p3wUi5LcbmQ7HGf+30O20oCcVGqWK5ZpRpmzxeXHkjsD6jbtFWiChKf3l2hddfp\nLkLxANCt+AAWx/6BnoyJVytTqwiWV2fbq4EEgmYD4q8T1etcRwkUo9qHGhdK2ADu\nFeh5qbsNoUGuf62VTXqF1vpftGp0yHdLptZbUmRu/xaywcxVsvTYS6kX2KMVrmU8\ntHBzWVWQoRmrMPMn2aCmKKjizOnTd99PFEn4pcVqUQKBgQDyEMsSyNVD7FdEYHXc\noPkpxQIhsQ8UXs7H1iBcyEd1T+CxSW8LFh0l736s/eBWXe5aoVJe2aWAlfetsqGE\nSKOOEQPkaMEfN480rFH9EumfyA+IDNkuXRSHjZqiwDMw2vfYmPGD8obaxd0Pf7+a\n2J7HYP6DCzyNjc7zGB4lpSMKYwKBgQD6QyKSrpmonWeWWNlEz2sCMCA3T5G3x/wG\nqxZfsVc6S2QAtcVwBddga+12B1CqcUaIr92f+mq1+BF2cDCMQ2g9BbSxph3TqkCM\nzS+sY7TXbAtd18W0Z+443Uzf1p/cTOY7u/9aCu2qoKK/tarmeeLFlj7BkYoM2WnL\ndup4rpVvFwKBgQCJ428KYES70GFVne0FpNzKImM4dfe1DtyTkTIWKDAsbzf7RW1v\nz0UDWw251VR5XkBseADH7wsL2GGiHGNNS2N/hcnFzrZT5f45bv+1PZS/Y+MVCNye\nQH91SACSPRHr/o+4XkcVdo3DCXsHXSn0NvkbcfEJDNmNeP4uE8r4fr0bKQKBgQCH\ncIXpdGzcgDNrfrI3NznmeT02Me3e1HBk+3qkV0mp1ttMNxOfSMoC+OYOlm7lj2Bo\n4STES7YsvRBWVOkxP9nODKR58Dj8MIu2p+VBGsToQST1qKzqscSPKdVM3s6tX0DK\n2zea94cgbMcnkZ3oFdbQsDtObwGTaqaC4tyKa5GcCQKBgQDoxwKeetGVz03P9Acb\nfIdFzVmTb/b6gEZn6qP8CT3M1eQNRa8U3BahCVhRvKi2AO8DVVsgXBPNQDjq68uw\nS6W2UnnHHobQS9hojF9byldVWsF/B6y3RRuOiFJLfn7vZQ1PmOV2iNsl79Cff09Y\nQVyIiz9CR7Ei2m8dOV5pAQK+QQ==\n-----END PRIVATE KEY-----\n",
            "public_key_fingerprint_md5": "57:80:db:b0:b3:bc:b5:5b:a0:1f:d4:d2:a7:d4:27:25",
            "public_key_fingerprint_sha256": "SHA256:IAAPBlL04KVvRoYxMzH9fbQJPcGe+0yQbtK2pNePa9g",
            "public_key_openssh": "ssh-rsa AAAAB3NzaC1yc2EAAAADAQABAAABAQDso+Fma6/ZCG74gvlP9aiRE5+eVjG/bP08wC6bRsVGhWj+d2S9E2+wsoUcjj2MwF3UQAFo7th77w85imKear2xwftChDD7vBolIBGrqdQTn6bZVyi+ODRLIR1xeCUmjvAOxqjfblRVUwl1jDLZYJ2jeSFPsUT9XtCa6quoSJOv5YJAJqmiDtRRJG/idorURk3uxqYt7/07j2Z5DXznUDjUZKAI/6e3VRraiYl5XQao8QPfDr4c4NA6EFm+kwW27SELV1z1QwtEQcEcN+3++80wA+7cGVQGIZ8CR/mgKd0cEzSIEScodqI7piG+GVDCXmKNZlcCC9z6HCjxUthdRdvl\n",
            "public_key_pem": "-----BEGIN PUBLIC KEY-----\nMIIBIjANBgkqhkiG9w0BAQEFAAOCAQ8AMIIBCgKCAQEA7KPhZmuv2Qhu+IL5T/Wo\nkROfnlYxv2z9PMAum0bFRoVo/ndkvRNvsLKFHI49jMBd1EABaO7Ye+8POYpinmq9\nscH7QoQw+7waJSARq6nUE5+m2Vcovjg0SyEdcXglJo7wDsao325UVVMJdYwy2WCd\no3khT7FE/V7QmuqrqEiTr+WCQCapog7UUSRv4naK1EZN7samLe/9O49meQ1851A4\n1GSgCP+nt1Ua2omJeV0GqPED3w6+HODQOhBZvpMFtu0hC1dc9UMLREHBHDft/vvN\nMAPu3BlUBiGfAkf5oCndHBM0iBEnKHaiO6YhvhlQwl5ijWZXAgvc+hwo8VLYXUXb\n5QIDAQAB\n-----END PUBLIC KEY-----\n",
            "rsa_bits": 2048
          },
          "sensitive_attributes": []
        }
      ]
    },
    {
      "module": "module.jenkins.module.jenkins-agent",
      "mode": "data",
      "type": "template_file",
      "name": "config_agent",
      "provider": "provider[\"registry.terraform.io/hashicorp/template\"]",
      "instances": [
        {
          "schema_version": 0,
          "attributes": {
            "filename": null,
            "id": "e2f7ddbc1ad0932240817fff1243cd28940300e9e67bf9056799459d26996c33",
            "rendered": "#!/bin/bash\nset -e -x\n\n# Install Java for Jenkins\n#sudo yum install -y java-1.8.0-openjdk\nsudo yum install -y java-11-openjdk\n\n# Config jenkins user on agent node\nsudo useradd --home-dir /home/jenkins --create-home --shell /bin/bash jenkins\nsudo mkdir /home/jenkins/jenkins-agent\nsudo chown -R jenkins:jenkins /home/jenkins\n\n# Get dependencies from controller node\nwget -P /home/opc/tmp http://192.168.4.183:8080/jnlpJars/jenkins-cli.jar\nwget -P /home/opc/tmp http://192.168.4.183:8080/jnlpJars/slave.jar\nsudo mv /home/opc/tmp/slave.jar /home/jenkins/jenkins-agent/\n\n# Get Jenkins User Password\nexport PASS=Admin123\n\n# Register node as Slave\ncat \u003c\u003cEOF | java -jar /home/opc/tmp/jenkins-cli.jar -s http://192.168.4.183:8080 -auth admin:$PASS create-node $1\n\u003cslave\u003e\n  \u003cname\u003e$1\u003c/name\u003e\n  \u003cremoteFS\u003e/home/jenkins\u003c/remoteFS\u003e\n  \u003cnumExecutors\u003e2\u003c/numExecutors\u003e\n  \u003clauncher class=\"hudson.slaves.JNLPLauncher\" /\u003e\n  \u003clabel\u003ebuild\u003c/label\u003e\n\u003c/slave\u003e\nEOF\n\n\nexport _COOKIE_JAR=$(mktemp)\nexport TOKEN=$(curl -c \"$_COOKIE_JAR\" --user \"admin:$PASS\" -s http://192.168.4.183:8080/crumbIssuer/api/json | python -c 'import sys,json;j=json.load(sys.stdin);print j[\"crumbRequestField\"] + \"=\" + j[\"crumb\"]')\n\ncat \u003e /home/opc/secret.groovy \u003c\u003cEOF\nfor (aSlave in hudson.model.Hudson.instance.slaves) {\n  if (aSlave.name == \"$1\") {\n    println aSlave.name + \",\" + aSlave.getComputer().getJnlpMac()\n  }\n}\nEOF\n\nexport SECRET=$(curl -b \"$_COOKIE_JAR\" --user \"admin:$PASS\" -d \"$TOKEN\" --data-urlencode \"script=$(\u003c/home/opc/secret.groovy)\" http://192.168.4.183:8080/scriptText | awk -F',' '{print $2}')\n\nrm \"$_COOKIE_JAR\"\nunset _COOKIE_JAR\n\n# Run from service definition\nsudo chown -R jenkins:jenkins /home/jenkins/jenkins-agent\ncmd=\"java -jar /home/jenkins/jenkins-agent/slave.jar -jnlpUrl http://192.168.4.183:8080/computer/$1/slave-agent.jnlp -secret $SECRET\"\necho $cmd\nnohup sudo -u jenkins $cmd \u0026\u003e/home/opc/jenkins.log \u0026\n\nsleep 10\n\n# Echo Controller admin init password for login\necho \"Jenkins Controller Login User/Password: admin/$PASS\"\n",
            "template": "#!/bin/bash\nset -e -x\n\n# Install Java for Jenkins\n#sudo yum install -y java-1.8.0-openjdk\nsudo yum install -y java-11-openjdk\n\n# Config jenkins user on agent node\nsudo useradd --home-dir /home/jenkins --create-home --shell /bin/bash jenkins\nsudo mkdir /home/jenkins/jenkins-agent\nsudo chown -R jenkins:jenkins /home/jenkins\n\n# Get dependencies from controller node\nwget -P /home/opc/tmp ${jenkins_controller_url}/jnlpJars/jenkins-cli.jar\nwget -P /home/opc/tmp ${jenkins_controller_url}/jnlpJars/slave.jar\nsudo mv /home/opc/tmp/slave.jar /home/jenkins/jenkins-agent/\n\n# Get Jenkins User Password\nexport PASS=${jenkins_password}\n\n# Register node as Slave\ncat \u003c\u003cEOF | java -jar /home/opc/tmp/jenkins-cli.jar -s ${jenkins_controller_url} -auth admin:$PASS create-node $1\n\u003cslave\u003e\n  \u003cname\u003e$1\u003c/name\u003e\n  \u003cremoteFS\u003e/home/jenkins\u003c/remoteFS\u003e\n  \u003cnumExecutors\u003e2\u003c/numExecutors\u003e\n  \u003clauncher class=\"hudson.slaves.JNLPLauncher\" /\u003e\n  \u003clabel\u003ebuild\u003c/label\u003e\n\u003c/slave\u003e\nEOF\n\n\nexport _COOKIE_JAR=$(mktemp)\nexport TOKEN=$(curl -c \"$_COOKIE_JAR\" --user \"admin:$PASS\" -s ${jenkins_controller_url}/crumbIssuer/api/json | python -c 'import sys,json;j=json.load(sys.stdin);print j[\"crumbRequestField\"] + \"=\" + j[\"crumb\"]')\n\ncat \u003e /home/opc/secret.groovy \u003c\u003cEOF\nfor (aSlave in hudson.model.Hudson.instance.slaves) {\n  if (aSlave.name == \"$1\") {\n    println aSlave.name + \",\" + aSlave.getComputer().getJnlpMac()\n  }\n}\nEOF\n\nexport SECRET=$(curl -b \"$_COOKIE_JAR\" --user \"admin:$PASS\" -d \"$TOKEN\" --data-urlencode \"script=$(\u003c/home/opc/secret.groovy)\" ${jenkins_controller_url}/scriptText | awk -F',' '{print $2}')\n\nrm \"$_COOKIE_JAR\"\nunset _COOKIE_JAR\n\n# Run from service definition\nsudo chown -R jenkins:jenkins /home/jenkins/jenkins-agent\ncmd=\"java -jar /home/jenkins/jenkins-agent/slave.jar -jnlpUrl ${jenkins_controller_url}/computer/$1/slave-agent.jnlp -secret $SECRET\"\necho $cmd\nnohup sudo -u jenkins $cmd \u0026\u003e/home/opc/jenkins.log \u0026\n\nsleep 10\n\n# Echo Controller admin init password for login\necho \"Jenkins Controller Login User/Password: admin/$PASS\"\n",
            "vars": {
              "jenkins_controller_url": "http://192.168.4.183:8080",
              "jenkins_password": "Admin123"
            }
          },
          "sensitive_attributes": []
        }
      ]
    },
    {
      "module": "module.jenkins.module.jenkins-controller",
      "mode": "data",
      "type": "template_file",
      "name": "disable_controller_executor",
      "provider": "provider[\"registry.terraform.io/hashicorp/template\"]",
      "instances": [
        {
          "schema_version": 0,
          "attributes": {
            "filename": null,
            "id": "94fddfacb5544b84453e1d2acbc7ec67290fa01c48432d1cd1137d151f86b048",
            "rendered": "import jenkins.model.*\n\ndef instance = Jenkins.getInstance()\ninstance.setNumExecutors(0)\ninstance.save()\n",
            "template": "import jenkins.model.*\n\ndef instance = Jenkins.getInstance()\ninstance.setNumExecutors(0)\ninstance.save()\n",
            "vars": null
          },
          "sensitive_attributes": []
        }
      ]
    },
    {
      "module": "module.jenkins.module.jenkins-controller",
      "mode": "data",
      "type": "template_file",
      "name": "init_jenkins",
      "provider": "provider[\"registry.terraform.io/hashicorp/template\"]",
      "instances": [
        {
          "schema_version": 0,
          "attributes": {
            "filename": null,
            "id": "b73bba72e2cb47da6ef8ae4f32c2b90c66ee176d18c7decfea4d8d9e3118140f",
            "rendered": "#!groovy\n\nimport jenkins.model.*\nimport hudson.security.*\nimport jenkins.security.s2m.AdminWhitelistRule\n\ndef instance = Jenkins.getInstance()\n\ndef hudsonRealm = new HudsonPrivateSecurityRealm(false)\n\nhudsonRealm.createAccount('admin', 'Admin123')\ninstance.setSecurityRealm(hudsonRealm)\n\ndef strategy = new FullControlOnceLoggedInAuthorizationStrategy()\ninstance.setAuthorizationStrategy(strategy)\ninstance.save()\n\nJenkins.instance.getInjector().getInstance(AdminWhitelistRule.class).setMasterKillSwitch(false)\n",
            "template": "#!groovy\n\nimport jenkins.model.*\nimport hudson.security.*\nimport jenkins.security.s2m.AdminWhitelistRule\n\ndef instance = Jenkins.getInstance()\n\ndef hudsonRealm = new HudsonPrivateSecurityRealm(false)\n\nhudsonRealm.createAccount('admin', '${jenkins_password}')\ninstance.setSecurityRealm(hudsonRealm)\n\ndef strategy = new FullControlOnceLoggedInAuthorizationStrategy()\ninstance.setAuthorizationStrategy(strategy)\ninstance.save()\n\nJenkins.instance.getInjector().getInstance(AdminWhitelistRule.class).setMasterKillSwitch(false)\n",
            "vars": {
              "jenkins_password": "Admin123"
            }
          },
          "sensitive_attributes": []
        }
      ]
    },
    {
      "module": "module.jenkins.module.jenkins-controller",
      "mode": "data",
      "type": "template_file",
      "name": "setup_jenkins",
      "provider": "provider[\"registry.terraform.io/hashicorp/template\"]",
      "instances": [
        {
          "schema_version": 0,
          "attributes": {
            "filename": null,
            "id": "bb7edc7867c16d762b44ab2b7535377374c9ee9eb82008d64d1812b4ba94eb6e",
            "rendered": "#!/bin/bash\nset -e -x\n\nfunction restartAndWaitForJenkins() {\n    echo \"Restarting jenkins service\"    \n    sudo service jenkins restart\n    echo \"Waiting 30s...\"\n    sleep 30\n\n    echo \"Waiting for Jenkins to launch on 8080...\"\n    i=0\n    while ! timeout 1 bash -c \"echo \u003e /dev/tcp/localhost/8080\"; do\n      sleep 1\n      ((i=$i+1))\n      ### every 60s, if fails to connect, restart jenkins service\n      if [ $(( $i % 60 )) -eq 0 ]; then\n        echo \"Failed to connect after $i, restarting jenkins\"\n        sudo service jenkins restart\n        echo \"Waiting 30s for jenkins\"\n        sleep 30\n      fi\n\n      ### after 5m, fail\n      if [ $(( $i % 300 )) -eq 0 ]; then\n        echo \"Failed to connect to jenkins during installation process, exiting\"\n        exit -1\n      fi\n    done\n\n    echo \"Jenkins launched\"\n}\n\n#Enable Developer repo (EPEL)\nsudo yum-config-manager --enable ol7_developer*\n\n# Install Java for Jenkins\nsudo yum install -y java-11-openjdk\n\n# Install Jenkins\nsudo echo \"[jenkins-ci-org-2.387.1]\"\nsudo wget -O /etc/yum.repos.d/jenkins.repo https://pkg.jenkins.io/redhat-stable/jenkins.repo\nsudo rpm --import https://pkg.jenkins.io/redhat-stable/jenkins.io.key\n\nsudo yum install -y jenkins-2.387.1\n\n# Config Jenkins Http Port and Agent Port using System/Java properties - https://www.jenkins.io/doc/book/managing/system-properties/\nsudo sed -i '/JENKINS_PORT/c\\ \\JENKINS_PORT=\\\"8080\\\"' /etc/sysconfig/jenkins\nsudo sed -i '/JENKINS_JAVA_OPTIONS/c\\ \\JENKINS_JAVA_OPTIONS=\\\"-Djenkins.install.runSetupWizard=false -Djava.awt.headless=true -Djenkins.model.Jenkins.slaveAgentPort=49187\\\"' /etc/sysconfig/jenkins\n\n# Set httpport on firewall\nsudo firewall-cmd --zone=public --permanent --add-port=8080/tcp\nsudo firewall-cmd --zone=public --permanent --add-port=49187/tcp\nsudo firewall-cmd --zone=public --permanent --add-port=443/tcp\nsudo firewall-cmd --reload\n\n# Start Jenkins\nsudo chkconfig --add jenkins\nrestartAndWaitForJenkins\n\n# UPDATE PLUGIN LIST\ncurl -L http://updates.jenkins-ci.org/update-center.json | sed '1d;$d' | curl -X POST -H 'Accept: application/json' -d @- http://localhost:8080/updateCenter/byId/default/postBack\n\n# INSTALL CLI\nsudo wget -P /var/lib/jenkins/ http://localhost:8080/jnlpJars/jenkins-cli.jar\n\n# Initialize Jenkins User Password Groovy Script\nexport PASS=Admin123\n\nsudo -u jenkins mkdir -p /var/lib/jenkins/init.groovy.d\nsudo mv /home/opc/default-user.groovy /var/lib/jenkins/init.groovy.d/default-user.groovy\nsudo mv /home/opc/disable-controller-executor.groovy /var/lib/jenkins/init.groovy.d/disable-controller-executor.groovy\n\nrestartAndWaitForJenkins\n\n# INSTALL PLUGINS\nsudo java -jar /var/lib/jenkins/jenkins-cli.jar -s http://localhost:8080 -auth admin:$PASS install-plugin git ssh-slaves oracle-cloud-infrastructure-compute blueocean blueocean-github-pipeline terraform\n\n# RESTART JENKINS TO ACTIVATE PLUGINS\nsudo java -jar /var/lib/jenkins/jenkins-cli.jar -s http://localhost:8080 -auth admin:$PASS restart\n",
            "template": "#!/bin/bash\nset -e -x\n\nfunction restartAndWaitForJenkins() {\n    echo \"Restarting jenkins service\"    \n    sudo service jenkins restart\n    echo \"Waiting 30s...\"\n    sleep 30\n\n    echo \"Waiting for Jenkins to launch on ${http_port}...\"\n    i=0\n    while ! timeout 1 bash -c \"echo \u003e /dev/tcp/localhost/${http_port}\"; do\n      sleep 1\n      ((i=$i+1))\n      ### every 60s, if fails to connect, restart jenkins service\n      if [ $(( $i % 60 )) -eq 0 ]; then\n        echo \"Failed to connect after $i, restarting jenkins\"\n        sudo service jenkins restart\n        echo \"Waiting 30s for jenkins\"\n        sleep 30\n      fi\n\n      ### after 5m, fail\n      if [ $(( $i % 300 )) -eq 0 ]; then\n        echo \"Failed to connect to jenkins during installation process, exiting\"\n        exit -1\n      fi\n    done\n\n    echo \"Jenkins launched\"\n}\n\n#Enable Developer repo (EPEL)\nsudo yum-config-manager --enable ol7_developer*\n\n# Install Java for Jenkins\nsudo yum install -y java-11-openjdk\n\n# Install Jenkins\nsudo echo \"[jenkins-ci-org-${jenkins_version}]\"\nsudo wget -O /etc/yum.repos.d/jenkins.repo https://pkg.jenkins.io/redhat-stable/jenkins.repo\nsudo rpm --import https://pkg.jenkins.io/redhat-stable/jenkins.io.key\n\nsudo yum install -y jenkins-${jenkins_version}\n\n# Config Jenkins Http Port and Agent Port using System/Java properties - https://www.jenkins.io/doc/book/managing/system-properties/\nsudo sed -i '/JENKINS_PORT/c\\ \\JENKINS_PORT=\\\"${http_port}\\\"' /etc/sysconfig/jenkins\nsudo sed -i '/JENKINS_JAVA_OPTIONS/c\\ \\JENKINS_JAVA_OPTIONS=\\\"-Djenkins.install.runSetupWizard=false -Djava.awt.headless=true -Djenkins.model.Jenkins.slaveAgentPort=${jnlp_port}\\\"' /etc/sysconfig/jenkins\n\n# Set httpport on firewall\nsudo firewall-cmd --zone=public --permanent --add-port=${http_port}/tcp\nsudo firewall-cmd --zone=public --permanent --add-port=${jnlp_port}/tcp\nsudo firewall-cmd --zone=public --permanent --add-port=443/tcp\nsudo firewall-cmd --reload\n\n# Start Jenkins\nsudo chkconfig --add jenkins\nrestartAndWaitForJenkins\n\n# UPDATE PLUGIN LIST\ncurl -L http://updates.jenkins-ci.org/update-center.json | sed '1d;$d' | curl -X POST -H 'Accept: application/json' -d @- http://localhost:${http_port}/updateCenter/byId/default/postBack\n\n# INSTALL CLI\nsudo wget -P /var/lib/jenkins/ http://localhost:8080/jnlpJars/jenkins-cli.jar\n\n# Initialize Jenkins User Password Groovy Script\nexport PASS=${jenkins_password}\n\nsudo -u jenkins mkdir -p /var/lib/jenkins/init.groovy.d\nsudo mv /home/opc/default-user.groovy /var/lib/jenkins/init.groovy.d/default-user.groovy\nsudo mv /home/opc/disable-controller-executor.groovy /var/lib/jenkins/init.groovy.d/disable-controller-executor.groovy\n\nrestartAndWaitForJenkins\n\n# INSTALL PLUGINS\nsudo java -jar /var/lib/jenkins/jenkins-cli.jar -s http://localhost:${http_port} -auth admin:$PASS install-plugin ${plugins}\n\n# RESTART JENKINS TO ACTIVATE PLUGINS\nsudo java -jar /var/lib/jenkins/jenkins-cli.jar -s http://localhost:${http_port} -auth admin:$PASS restart\n",
            "vars": {
              "http_port": "8080",
              "jenkins_password": "Admin123",
              "jenkins_version": "2.387.1",
              "jnlp_port": "49187",
              "plugins": "git ssh-slaves oracle-cloud-infrastructure-compute blueocean blueocean-github-pipeline terraform"
            }
          },
          "sensitive_attributes": []
        }
      ]
    },
    {
      "module": "module.jenkins.module.jenkins-controller",
      "mode": "managed",
      "type": "null_resource",
      "name": "TFJenkinsControllerConfig_via_public_ip",
      "provider": "provider[\"registry.terraform.io/hashicorp/null\"]",
      "instances": [
        {
          "index_key": 0,
          "schema_version": 0,
          "attributes": {
            "id": "6588698968560503138",
            "triggers": null
          },
          "sensitive_attributes": [],
          "dependencies": [
            "data.oci_core_images.jenkins_image",
            "data.oci_identity_availability_domains.ADs",
            "module.jenkins.module.jenkins-controller.data.template_file.disable_controller_executor",
            "module.jenkins.module.jenkins-controller.data.template_file.init_jenkins",
            "module.jenkins.module.jenkins-controller.data.template_file.setup_jenkins",
            "module.jenkins.module.jenkins-controller.oci_core_instance.TFJenkinsController",
            "oci_core_internet_gateway.my_igw",
            "oci_core_route_table.my_rt_via_igw",
            "oci_core_security_list.my_jenkins_subnet_sec_list",
            "oci_core_subnet.my_jenkins_subnet",
            "oci_core_vcn.my_vcn",
            "tls_private_key.public_private_key_pair"
          ]
        }
      ]
    },
    {
      "module": "module.jenkins.module.jenkins-controller",
      "mode": "managed",
      "type": "oci_core_instance",
      "name": "TFJenkinsController",
      "provider": "provider[\"registry.terraform.io/hashicorp/oci\"]",
      "instances": [
        {
          "schema_version": 0,
          "attributes": {
            "agent_config": [
              {
                "are_all_plugins_disabled": false,
                "is_management_disabled": false,
                "is_monitoring_disabled": false,
                "plugins_config": []
              }
            ],
            "async": null,
            "availability_config": [
              {
                "is_live_migration_preferred": false,
                "recovery_action": "RESTORE_INSTANCE"
              }
            ],
            "availability_domain": "PdLJ:US-SANJOSE-1-AD-1",
            "boot_volume_id": "ocid1.bootvolume.oc1.us-sanjose-1.abzwuljrphuthx2t2qau4gifzud6o74b7zgzctvtnpsy7n3kjbuvl5uaon7a",
            "capacity_reservation_id": null,
            "compartment_id": "ocid1.compartment.oc1..aaaaaaaav6rzk4ljqhdacn367ncxy6kmlhssk5dt54s6xmn5tsoatvrxlupq",
            "create_vnic_details": [
              {
                "assign_private_dns_record": false,
                "assign_public_ip": "true",
                "defined_tags": {
                  "Oracle-Tags.CreatedBy": "default/miguel@doorcounts.com",
                  "Oracle-Tags.CreatedOn": "2023-04-08T10:08:17.780Z"
                },
                "display_name": "jenkinsvm",
                "freeform_tags": {},
                "hostname_label": "jenkinsvm",
                "nsg_ids": [],
                "private_ip": "192.168.4.183",
                "skip_source_dest_check": false,
                "subnet_id": "ocid1.subnet.oc1.us-sanjose-1.aaaaaaaawzgb47eil7lsybjlltf44b4wyvesdung6cldm4zxjmc2vqhkzlva",
                "vlan_id": ""
              }
            ],
            "dedicated_vm_host_id": null,
            "defined_tags": {
              "Oracle-Tags.CreatedBy": "default/miguel@doorcounts.com",
              "Oracle-Tags.CreatedOn": "2023-04-08T10:08:17.627Z"
            },
            "display_name": "jenkinsvm",
            "extended_metadata": {},
            "fault_domain": "FAULT-DOMAIN-1",
            "freeform_tags": {},
            "hostname_label": "jenkinsvm",
            "id": "ocid1.instance.oc1.us-sanjose-1.anzwuljrk6tenaacaeyx4azcckgn6nbyox6yhft52gdw2dwgxk732figl7aa",
            "image": "ocid1.image.oc1.us-sanjose-1.aaaaaaaadb5lnktblfy47avpfddava4vi2m4z4k6edxiogmu3z2nsxgby6tq",
            "instance_options": [
              {
                "are_legacy_imds_endpoints_disabled": false
              }
            ],
            "ipxe_script": null,
            "is_pv_encryption_in_transit_enabled": null,
            "launch_mode": "PARAVIRTUALIZED",
            "launch_options": [
              {
                "boot_volume_type": "PARAVIRTUALIZED",
                "firmware": "UEFI_64",
                "is_consistent_volume_naming_enabled": true,
                "is_pv_encryption_in_transit_enabled": false,
                "network_type": "PARAVIRTUALIZED",
                "remote_data_volume_type": "PARAVIRTUALIZED"
              }
            ],
            "metadata": {
              "ssh_authorized_keys": "ssh-rsa AAAAB3NzaC1yc2EAAAADAQABAAABAQDso+Fma6/ZCG74gvlP9aiRE5+eVjG/bP08wC6bRsVGhWj+d2S9E2+wsoUcjj2MwF3UQAFo7th77w85imKear2xwftChDD7vBolIBGrqdQTn6bZVyi+ODRLIR1xeCUmjvAOxqjfblRVUwl1jDLZYJ2jeSFPsUT9XtCa6quoSJOv5YJAJqmiDtRRJG/idorURk3uxqYt7/07j2Z5DXznUDjUZKAI/6e3VRraiYl5XQao8QPfDr4c4NA6EFm+kwW27SELV1z1QwtEQcEcN+3++80wA+7cGVQGIZ8CR/mgKd0cEzSIEScodqI7piG+GVDCXmKNZlcCC9z6HCjxUthdRdvl\n"
            },
            "platform_config": [],
            "preemptible_instance_config": [],
            "preserve_boot_volume": null,
            "private_ip": "192.168.4.183",
            "public_ip": "152.67.233.111",
            "region": "us-sanjose-1",
            "shape": "VM.Standard.E4.Flex",
            "shape_config": [
              {
                "baseline_ocpu_utilization": "",
                "gpu_description": "",
                "gpus": 0,
                "local_disk_description": "",
                "local_disks": 0,
                "local_disks_total_size_in_gbs": 0,
                "max_vnic_attachments": 2,
                "memory_in_gbs": 16,
                "networking_bandwidth_in_gbps": 1,
                "nvmes": 0,
                "ocpus": 1,
                "processor_description": "2.55 GHz AMD EPYC™ 7J13 (Milan)"
              }
            ],
            "source_details": [
              {
                "boot_volume_size_in_gbs": "47",
                "boot_volume_vpus_per_gb": "10",
                "kms_key_id": "",
                "source_id": "ocid1.image.oc1.us-sanjose-1.aaaaaaaadb5lnktblfy47avpfddava4vi2m4z4k6edxiogmu3z2nsxgby6tq",
                "source_type": "image"
              }
            ],
            "state": "RUNNING",
            "subnet_id": "ocid1.subnet.oc1.us-sanjose-1.aaaaaaaawzgb47eil7lsybjlltf44b4wyvesdung6cldm4zxjmc2vqhkzlva",
            "system_tags": {},
            "time_created": "2023-04-08 10:08:18.181 +0000 UTC",
            "time_maintenance_reboot_due": "",
            "timeouts": null,
            "update_operation_constraint": null
          },
          "sensitive_attributes": [],
          "private": "eyJlMmJmYjczMC1lY2FhLTExZTYtOGY4OC0zNDM2M2JjN2M0YzAiOnsiY3JlYXRlIjoyNzAwMDAwMDAwMDAwLCJkZWxldGUiOjQ1MDAwMDAwMDAwMDAsInVwZGF0ZSI6MjcwMDAwMDAwMDAwMH19",
          "dependencies": [
            "data.oci_core_images.jenkins_image",
            "data.oci_identity_availability_domains.ADs",
            "oci_core_internet_gateway.my_igw",
            "oci_core_route_table.my_rt_via_igw",
            "oci_core_security_list.my_jenkins_subnet_sec_list",
            "oci_core_subnet.my_jenkins_subnet",
            "oci_core_vcn.my_vcn",
            "tls_private_key.public_private_key_pair"
          ]
        }
      ]
    },
    {
      "module": "module.oci-oke",
      "mode": "data",
      "type": "oci_containerengine_cluster_kube_config",
      "name": "KubeConfig",
      "provider": "provider[\"registry.terraform.io/oracle/oci\"]",
      "instances": [
        {
          "schema_version": 0,
          "attributes": {
            "cluster_id": "ocid1.cluster.oc1.us-sanjose-1.aaaaaaaak7hxxbppm5zelf6uhd66iomaxhpbc6zoe3nsfoffxc75fqg6233a",
            "content": "---\napiVersion: v1\nkind: \"\"\nclusters:\n- name: cluster-c75fqg6233a\n  cluster:\n    server: https://192.168.3.32:6443\n    certificate-authority-data: LS0tLS1CRUdJTiBDRVJUSUZJQ0FURS0tLS0tCk1JSURpRENDQW5DZ0F3SUJBZ0lRZUdUTGtpYlAvQ0dPWW9QblNSMFhSakFOQmdrcWhraUc5dzBCQVFzRkFEQmUKTVE4d0RRWURWUVFEREFaTE9ITWdRMEV4Q3pBSkJnTlZCQVlUQWxWVE1ROHdEUVlEVlFRSERBWkJkWE4wYVc0eApEekFOQmdOVkJBb01Cazl5WVdOc1pURU1NQW9HQTFVRUN3d0RUMk5wTVE0d0RBWURWUVFJREFWVVpYaGhjekFlCkZ3MHlNekEwTURneE1ERXdORFZhRncweU9EQTBNRGd4TURFd05EVmFNRjR4RHpBTkJnTlZCQU1NQmtzNGN5QkQKUVRFTE1Ba0dBMVVFQmhNQ1ZWTXhEekFOQmdOVkJBY01Ca0YxYzNScGJqRVBNQTBHQTFVRUNnd0dUM0poWTJ4bApNUXd3Q2dZRFZRUUxEQU5QWTJreERqQU1CZ05WQkFnTUJWUmxlR0Z6TUlJQklqQU5CZ2txaGtpRzl3MEJBUUVGCkFBT0NBUThBTUlJQkNnS0NBUUVBazJGTHp2RzQzeHdsNGFyOUcydFQyZ1daSjNzbS9KVXBGWmFBU1NOTnVNeGsKck1KbVAxcmNTdXpBbjFlekpTbFhHMzl2Z2pUYm5MS3NCL2xXeDBZQ1I4bnZINzVkZ0VKRlZTUGRCQUlWbXRUWgoxS2ZwS3FjQ3Z1SFBBT3dWdUZhTkVHbFRUNHdZbVlsYXRlMVE2aW5lUGhPMWZKMUt1eEVaUVg0ZHZibnROK2VyCmtkK3JiT05HMkVWTmdZYW00MFUzNVk5T0NMdTFhR3A0VDkxMllOZVoyUG15NkRmenptaG1ha254a2w2VjBXNkYKMWcyTVdtNVJabVNJMUlPWVphcjBRVzc5dWtCTnB3QjFQM0VlOTBWd1MyVVV3d3gycVdmUXVhME8yaTJrNDVINgpPdXM3ei9zODJ3K1kwL1N1ZE5abEdzdTIzelQ5NFR4OFJjOG9pZGJNK1FJREFRQUJvMEl3UURBUEJnTlZIUk1CCkFmOEVCVEFEQVFIL01BNEdBMVVkRHdFQi93UUVBd0lCQmpBZEJnTlZIUTRFRmdRVVVGSUpBdURTSzFXb0JaVWMKclM1emttUUZwbDB3RFFZSktvWklodmNOQVFFTEJRQURnZ0VCQUZxNS95QUtUMVpLaHZWcFFjdFNnclVqTWJCbwpNWU00Nytoa1BtRzBUakhmUUxtUUVnZUNLLzFLOFNlSE1VRHk2UzE4cHN2eHF4T3FXK0krcXlVWEZrVUFtOW1GCmVmc0gwM1Fyd3NaSCtBTldZaU84aGNqcVZEVjFLMGo0dHRIcTgwYzRvYkg2bDcyMldMQm12MHVwbnlhZnE5VUEKUmpVUC81RmlDVXkwQmVuUG5RZU1OUnFoM01KNXQ3VC9LZ053OGJtOUlFQ1E2Ui9rQUx5Wnh0M1ZVb2R1bkxmOQpaUSsvcWhSdnNJbnZHNmlvazZtTzZ1ZVFVZEErVzhjY0dudndTaHMzL0VMa2ZnaExPQ1l0LzdEZ3dva3IvMGJmCjZFZEVlck8xU1R3U3RFeGRDTzZkWGxoVnZnYzdrNWhiTjNudXE4Z3U5Y3EvRTNYUys1c1c0Vk1lVlcwPQotLS0tLUVORCBDRVJUSUZJQ0FURS0tLS0tCg==\nusers:\n- name: user-c75fqg6233a\n  user:\n    exec:\n      apiVersion: client.authentication.k8s.io/v1beta1\n      command: oci\n      args:\n      - ce\n      - cluster\n      - generate-token\n      - --cluster-id\n      - ocid1.cluster.oc1.us-sanjose-1.aaaaaaaak7hxxbppm5zelf6uhd66iomaxhpbc6zoe3nsfoffxc75fqg6233a\n      - --region\n      - us-sanjose-1\n      env: []\ncontexts:\n- name: context-c75fqg6233a\n  context:\n    cluster: cluster-c75fqg6233a\n    user: user-c75fqg6233a\ncurrent-context: context-c75fqg6233a\n",
            "endpoint": null,
            "expiration": null,
            "id": "ContainerengineClusterKubeConfigDataSource-899103159",
            "token_version": "2.0.0"
          },
          "sensitive_attributes": []
        }
      ]
    },
    {
      "module": "module.oci-oke",
      "mode": "data",
      "type": "oci_containerengine_cluster_option",
      "name": "oci_oke_cluster_option",
      "provider": "provider[\"registry.terraform.io/oracle/oci\"]",
      "instances": [
        {
          "schema_version": 0,
          "attributes": {
            "cluster_option_id": "all",
            "cluster_pod_network_options": [
              {
                "cni_type": "OCI_VCN_IP_NATIVE"
              },
              {
                "cni_type": "FLANNEL_OVERLAY"
              }
            ],
            "compartment_id": null,
            "id": "ContainerengineClusterOptionDataSource-1870923232",
            "kubernetes_versions": [
              "v1.23.4",
              "v1.24.1",
              "v1.25.4"
            ]
          },
          "sensitive_attributes": []
        }
      ]
    },
    {
      "module": "module.oci-oke",
      "mode": "data",
      "type": "oci_containerengine_node_pool_option",
      "name": "oci_oke_node_pool_option",
      "provider": "provider[\"registry.terraform.io/oracle/oci\"]",
      "instances": [
        {
          "schema_version": 0,
          "attributes": {
            "compartment_id": null,
            "id": "ContainerengineNodePoolOptionDataSource-1870923232",
            "images": [],
            "kubernetes_versions": [
              "v1.23.4",
              "v1.24.1",
              "v1.25.4"
            ],
            "node_pool_option_id": "all",
            "shapes": [
              "BM.Optimized3.36",
              "BM.Standard.A1.160",
              "BM.Standard.E2.64",
              "BM.Standard.E3.128",
              "BM.Standard.E4.128",
              "BM.Standard2.52",
              "BM.Standard3.64",
              "VM.Optimized3.Flex",
              "VM.Standard.A1.Flex",
              "VM.Standard.E2.1",
              "VM.Standard.E2.2",
              "VM.Standard.E2.4",
              "VM.Standard.E2.8",
              "VM.Standard.E3.Flex",
              "VM.Standard.E4.Flex",
              "VM.Standard2.1",
              "VM.Standard2.16",
              "VM.Standard2.2",
              "VM.Standard2.24",
              "VM.Standard2.4",
              "VM.Standard2.8",
              "VM.Standard3.Flex"
            ],
            "sources": [
              {
                "image_id": "ocid1.image.oc1.us-sanjose-1.aaaaaaaaubgvf7ahmk2k2amovl3tw7yhzlv6ww5fpkev7vnv3f3ofwrndvvq",
                "source_name": "Oracle-Linux-8.7-aarch64-2023.02.28-1-OKE-1.25.4-605",
                "source_type": "IMAGE"
              },
              {
                "image_id": "ocid1.image.oc1.us-sanjose-1.aaaaaaaa2cj77nabulpjabgsxghzzg4cagowrl54ix725q4xr646bzva7hpa",
                "source_name": "Oracle-Linux-8.7-aarch64-2023.02.28-1-OKE-1.24.1-605",
                "source_type": "IMAGE"
              },
              {
                "image_id": "ocid1.image.oc1.us-sanjose-1.aaaaaaaatdqbkfdwahez3czl4njcwfqi4ynfazk2bhcjw3vw77d6cuzpnbqa",
                "source_name": "Oracle-Linux-8.7-aarch64-2023.02.28-1-OKE-1.23.4-605",
                "source_type": "IMAGE"
              },
              {
                "image_id": "ocid1.image.oc1.us-sanjose-1.aaaaaaaalxor473hnqoumq4qfd6xpwt63d7luerkzpil76y5kldv46kbhapa",
                "source_name": "Oracle-Linux-8.7-aarch64-2023.01.31-3-OKE-1.25.4-549",
                "source_type": "IMAGE"
              },
              {
                "image_id": "ocid1.image.oc1.us-sanjose-1.aaaaaaaawvehdiwp4ryyre77mceqsjl45t3itipu2hzuxbw5avtg4qwduwwa",
                "source_name": "Oracle-Linux-8.7-aarch64-2023.01.31-3-OKE-1.24.1-549",
                "source_type": "IMAGE"
              },
              {
                "image_id": "ocid1.image.oc1.us-sanjose-1.aaaaaaaa4vnte5hqnrhuuy7x7n5t2aaerf55lxj7s3iq5eth32k6yrzen4fq",
                "source_name": "Oracle-Linux-8.7-aarch64-2023.01.31-3-OKE-1.23.4-549",
                "source_type": "IMAGE"
              },
              {
                "image_id": "ocid1.image.oc1.us-sanjose-1.aaaaaaaa7ht7yz5movlroawhu5hlbeowjdubslc6klvyrlasu6soh3zo2xja",
                "source_name": "Oracle-Linux-8.7-Gen2-GPU-2023.01.31-3-OKE-1.25.4-549",
                "source_type": "IMAGE"
              },
              {
                "image_id": "ocid1.image.oc1.us-sanjose-1.aaaaaaaax6jvgy7f62mpskozjyqoalmyqliufjh4nhejgpzozg5cxacviygq",
                "source_name": "Oracle-Linux-8.7-Gen2-GPU-2023.01.31-3-OKE-1.24.1-549",
                "source_type": "IMAGE"
              },
              {
                "image_id": "ocid1.image.oc1.us-sanjose-1.aaaaaaaaxthbms4elvuemahwjgelnxowbua2pg5ynzlokft2ckgovkqoldfa",
                "source_name": "Oracle-Linux-8.7-Gen2-GPU-2023.01.31-3-OKE-1.23.4-549",
                "source_type": "IMAGE"
              },
              {
                "image_id": "ocid1.image.oc1.us-sanjose-1.aaaaaaaakgl3dzci4ribkbqkfojadn4nzchpkxbydxk6ifrtjf4zuylqq2xa",
                "source_name": "Oracle-Linux-8.7-2023.02.28-1-OKE-1.25.4-605",
                "source_type": "IMAGE"
              },
              {
                "image_id": "ocid1.image.oc1.us-sanjose-1.aaaaaaaa7afv7jd4icggb6m6ploc4hhlbjo72sqbo2zaug5vwgcsx2yoqsvq",
                "source_name": "Oracle-Linux-8.7-2023.02.28-1-OKE-1.24.1-605",
                "source_type": "IMAGE"
              },
              {
                "image_id": "ocid1.image.oc1.us-sanjose-1.aaaaaaaagft45sgmzxpov5p43lik7o5cabaetzkp2ktkopug3fzv43mkpgpa",
                "source_name": "Oracle-Linux-8.7-2023.02.28-1-OKE-1.23.4-605",
                "source_type": "IMAGE"
              },
              {
                "image_id": "ocid1.image.oc1.us-sanjose-1.aaaaaaaaw4apckrp7blmjxh5dj44wisaninvqkcrwd5mrbtcm577aub34dza",
                "source_name": "Oracle-Linux-8.7-2023.01.31-3-OKE-1.25.4-549",
                "source_type": "IMAGE"
              },
              {
                "image_id": "ocid1.image.oc1.us-sanjose-1.aaaaaaaa4f45q2ifvoits65zitqerdhcsdw2bvtipvo3cgz5p5db34nkou2q",
                "source_name": "Oracle-Linux-8.7-2023.01.31-3-OKE-1.24.1-549",
                "source_type": "IMAGE"
              },
              {
                "image_id": "ocid1.image.oc1.us-sanjose-1.aaaaaaaa7emzkqhatzjd4xkttu6dvqpgdczpoaj4gtg5g72djwlf2irycapa",
                "source_name": "Oracle-Linux-8.7-2023.01.31-3-OKE-1.23.4-549",
                "source_type": "IMAGE"
              },
              {
                "image_id": "ocid1.image.oc1.us-sanjose-1.aaaaaaaadupyvfqtdnsynl7cpbgnofahaxb4e5hustcfy7ztkoobe46xjhia",
                "source_name": "Oracle-Linux-8.6-aarch64-2022.12.15-0-OKE-1.25.4-543",
                "source_type": "IMAGE"
              },
              {
                "image_id": "ocid1.image.oc1.us-sanjose-1.aaaaaaaa5r3koxg2x4ziuo6ln27kybkem256ewic7tsy74txvfgxo4giqoaa",
                "source_name": "Oracle-Linux-8.6-aarch64-2022.12.15-0-OKE-1.24.1-543",
                "source_type": "IMAGE"
              },
              {
                "image_id": "ocid1.image.oc1.us-sanjose-1.aaaaaaaaz5c4wmnwywv42fergkc2ctq3iz3mhftgbr3udqqawv46cnlfrgoa",
                "source_name": "Oracle-Linux-8.6-aarch64-2022.12.15-0-OKE-1.23.4-543",
                "source_type": "IMAGE"
              },
              {
                "image_id": "ocid1.image.oc1.us-sanjose-1.aaaaaaaakdk4rddmyz4uwt5ocwael5cwx65dcmcdy2pok2nr5mnpf2ajp5tq",
                "source_name": "Oracle-Linux-8.6-Gen2-GPU-2022.12.16-0-OKE-1.25.4-543",
                "source_type": "IMAGE"
              },
              {
                "image_id": "ocid1.image.oc1.us-sanjose-1.aaaaaaaacg3h26bgvz5mybv6ko6ftvtzkqffeozgsmfybdn5xbuy2esst5kq",
                "source_name": "Oracle-Linux-8.6-Gen2-GPU-2022.12.16-0-OKE-1.24.1-543",
                "source_type": "IMAGE"
              },
              {
                "image_id": "ocid1.image.oc1.us-sanjose-1.aaaaaaaarych5s2ptqcrq3hvjunxaiunmvp7todmne5kkl5ippamctnur6uq",
                "source_name": "Oracle-Linux-8.6-Gen2-GPU-2022.12.16-0-OKE-1.23.4-543",
                "source_type": "IMAGE"
              },
              {
                "image_id": "ocid1.image.oc1.us-sanjose-1.aaaaaaaahgx22l4v3fjhu5j6s3ago2dwguunhaacz65xkps4x32xhiv4atpa",
                "source_name": "Oracle-Linux-8.6-Gen2-GPU-2022.10.04-0-OKE-1.25.4-490",
                "source_type": "IMAGE"
              },
              {
                "image_id": "ocid1.image.oc1.us-sanjose-1.aaaaaaaavvdzgt3mkxtvy3c4a3qr7ztq7tm64ljspb7t7zuso2rjzo7wyeha",
                "source_name": "Oracle-Linux-8.6-Gen2-GPU-2022.10.04-0-OKE-1.24.1-490",
                "source_type": "IMAGE"
              },
              {
                "image_id": "ocid1.image.oc1.us-sanjose-1.aaaaaaaa452kgx2nmtl2ylqxjvior4ku7wjljsp4llgysi2sksi4wszmi2la",
                "source_name": "Oracle-Linux-8.6-Gen2-GPU-2022.10.04-0-OKE-1.23.4-490",
                "source_type": "IMAGE"
              },
              {
                "image_id": "ocid1.image.oc1.us-sanjose-1.aaaaaaaa5mei22hertomzyqabqw7sxpxjrdjx4b56fnmdwd4yusdcq2rpqyq",
                "source_name": "Oracle-Linux-8.6-2022.12.15-0-OKE-1.25.4-543",
                "source_type": "IMAGE"
              },
              {
                "image_id": "ocid1.image.oc1.us-sanjose-1.aaaaaaaatgwl7wz4y4rijlc67p5wf4r6bxl72rl76wjyakdxwdtrv3ixodrq",
                "source_name": "Oracle-Linux-8.6-2022.12.15-0-OKE-1.24.1-543",
                "source_type": "IMAGE"
              },
              {
                "image_id": "ocid1.image.oc1.us-sanjose-1.aaaaaaaa5lacmhfy73n3tx6ykomrdixtgke7cvrpksb7fbr3msq7wbbtkw4q",
                "source_name": "Oracle-Linux-8.6-2022.12.15-0-OKE-1.23.4-543",
                "source_type": "IMAGE"
              },
              {
                "image_id": "ocid1.image.oc1.us-sanjose-1.aaaaaaaanu6jizre5tjomf4y76rfutdhglojwwg3loo6oosac6tsucbmw2na",
                "source_name": "Oracle-Linux-7.9-aarch64-2023.02.28-1-OKE-1.25.4-605",
                "source_type": "IMAGE"
              },
              {
                "image_id": "ocid1.image.oc1.us-sanjose-1.aaaaaaaajnqddzonxukjelhdhx6o4bdz35fbqij5xwsgopbhwit26hslb5ga",
                "source_name": "Oracle-Linux-7.9-aarch64-2023.02.28-1-OKE-1.24.1-605",
                "source_type": "IMAGE"
              },
              {
                "image_id": "ocid1.image.oc1.us-sanjose-1.aaaaaaaasdzhkg5xssjaivrockkefrlu3zqxstessr6jdqq6ouvrdohgkvpq",
                "source_name": "Oracle-Linux-7.9-aarch64-2023.02.28-1-OKE-1.23.4-605",
                "source_type": "IMAGE"
              },
              {
                "image_id": "ocid1.image.oc1.us-sanjose-1.aaaaaaaavghr7rcag4oenuqa3tn3iudulgh5gom4x2hcfunpinlidn36dm7a",
                "source_name": "Oracle-Linux-7.9-aarch64-2023.01.31-2-OKE-1.25.4-549",
                "source_type": "IMAGE"
              },
              {
                "image_id": "ocid1.image.oc1.us-sanjose-1.aaaaaaaadr7b4dwjdwj77k7glbhitzoyagyaxdb7e5q2haqxp6sbfnwwszra",
                "source_name": "Oracle-Linux-7.9-aarch64-2023.01.31-2-OKE-1.24.1-549",
                "source_type": "IMAGE"
              },
              {
                "image_id": "ocid1.image.oc1.us-sanjose-1.aaaaaaaadstr6g3reevxljk5rjl4ke3pfsglkhopzux3ln5vjz3qj4nuiasa",
                "source_name": "Oracle-Linux-7.9-aarch64-2023.01.31-2-OKE-1.23.4-549",
                "source_type": "IMAGE"
              },
              {
                "image_id": "ocid1.image.oc1.us-sanjose-1.aaaaaaaa6u74owpvajfgyaw45nsnplkspzrl3kxmssctnz2gbk2uibom5sta",
                "source_name": "Oracle-Linux-7.9-aarch64-2022.12.15-0-OKE-1.25.4-543",
                "source_type": "IMAGE"
              },
              {
                "image_id": "ocid1.image.oc1.us-sanjose-1.aaaaaaaazhep666rzqwnkhmpqht7apgxxvkqbgsgqsyngz4kn3tum65krwzq",
                "source_name": "Oracle-Linux-7.9-aarch64-2022.12.15-0-OKE-1.24.1-543",
                "source_type": "IMAGE"
              },
              {
                "image_id": "ocid1.image.oc1.us-sanjose-1.aaaaaaaazspl5fbbv4wgrhz56dapgqnn2ssuv5zpyx5po2kap6gnzgmn4vxq",
                "source_name": "Oracle-Linux-7.9-aarch64-2022.12.15-0-OKE-1.23.4-543",
                "source_type": "IMAGE"
              },
              {
                "image_id": "ocid1.image.oc1.us-sanjose-1.aaaaaaaazpcfco36legfrv5k55mooem24x3mt6uuo7prb3shchb7ssx7cg6q",
                "source_name": "Oracle-Linux-7.9-Gen2-GPU-2023.01.31-2-OKE-1.25.4-549",
                "source_type": "IMAGE"
              },
              {
                "image_id": "ocid1.image.oc1.us-sanjose-1.aaaaaaaac3763pdxbasdbzgcy457o5b4nsvbiihp7t6bmw4t4c6x6fyp7tia",
                "source_name": "Oracle-Linux-7.9-Gen2-GPU-2023.01.31-2-OKE-1.24.1-549",
                "source_type": "IMAGE"
              },
              {
                "image_id": "ocid1.image.oc1.us-sanjose-1.aaaaaaaaq3ytzfmmvj6bdmafq7oqxy5jgwdpjkab5sd6odbzfy3lc3fhdyta",
                "source_name": "Oracle-Linux-7.9-Gen2-GPU-2023.01.31-2-OKE-1.23.4-549",
                "source_type": "IMAGE"
              },
              {
                "image_id": "ocid1.image.oc1.us-sanjose-1.aaaaaaaab4bzbbnjto54r4adf2n2hlskzesijotmeims2rcifofa4hzbmucq",
                "source_name": "Oracle-Linux-7.9-Gen2-GPU-2022.12.16-0-OKE-1.25.4-543",
                "source_type": "IMAGE"
              },
              {
                "image_id": "ocid1.image.oc1.us-sanjose-1.aaaaaaaasbxytfru2wocysj43jih44vf26ridooy7i6raw4kaziiurghhs3q",
                "source_name": "Oracle-Linux-7.9-Gen2-GPU-2022.12.16-0-OKE-1.24.1-543",
                "source_type": "IMAGE"
              },
              {
                "image_id": "ocid1.image.oc1.us-sanjose-1.aaaaaaaawrli5y3kqzeuw5tef6h2klawhdxpofvaexzlghm5xtrchedq7nwq",
                "source_name": "Oracle-Linux-7.9-Gen2-GPU-2022.12.16-0-OKE-1.23.4-543",
                "source_type": "IMAGE"
              },
              {
                "image_id": "ocid1.image.oc1.us-sanjose-1.aaaaaaaamw3uggzkkpjns76xdck5rwpbp3asjv3sjlrmw5om5maecxwsv6ba",
                "source_name": "Oracle-Linux-7.9-Gen2-GPU-2022.10.04-0-OKE-1.25.4-491",
                "source_type": "IMAGE"
              },
              {
                "image_id": "ocid1.image.oc1.us-sanjose-1.aaaaaaaailr5yunzsta36y5xl34m6mqwqedr6pa4wcotxzleeu2v6xdqtkqq",
                "source_name": "Oracle-Linux-7.9-Gen2-GPU-2022.10.04-0-OKE-1.24.1-491",
                "source_type": "IMAGE"
              },
              {
                "image_id": "ocid1.image.oc1.us-sanjose-1.aaaaaaaabxfhmyvwmwjupfax5crodwzlwd67qkqrvwqjhpxluu4lo6eenmwa",
                "source_name": "Oracle-Linux-7.9-Gen2-GPU-2022.10.04-0-OKE-1.23.4-491",
                "source_type": "IMAGE"
              },
              {
                "image_id": "ocid1.image.oc1.us-sanjose-1.aaaaaaaajjzuxfz5tavwdzabeeufksclkbaskkimapescu6scrcsfzxfxfsa",
                "source_name": "Oracle-Linux-7.9-2023.02.28-1-OKE-1.25.4-605",
                "source_type": "IMAGE"
              },
              {
                "image_id": "ocid1.image.oc1.us-sanjose-1.aaaaaaaais5hyesb7sydyftumygor4ebb64xclofg6e3onbapzjnxmk3zj4q",
                "source_name": "Oracle-Linux-7.9-2023.02.28-1-OKE-1.24.1-605",
                "source_type": "IMAGE"
              },
              {
                "image_id": "ocid1.image.oc1.us-sanjose-1.aaaaaaaarqrghcoplqowro2422dzqyk7zx7fm2w4zyaelmxn4rwtfpo5sv3q",
                "source_name": "Oracle-Linux-7.9-2023.02.28-1-OKE-1.23.4-605",
                "source_type": "IMAGE"
              },
              {
                "image_id": "ocid1.image.oc1.us-sanjose-1.aaaaaaaakhglijmerofojtzn57ll4mx6gnqowxyqhvbbrbpyk7qqoo4zh5fq",
                "source_name": "Oracle-Linux-7.9-2023.01.31-2-OKE-1.25.4-549",
                "source_type": "IMAGE"
              },
              {
                "image_id": "ocid1.image.oc1.us-sanjose-1.aaaaaaaatg5dzvyqdxv57gbjnwktwmgedtnnyjy7cvbiomyoonpxg4bus2oq",
                "source_name": "Oracle-Linux-7.9-2023.01.31-2-OKE-1.24.1-549",
                "source_type": "IMAGE"
              },
              {
                "image_id": "ocid1.image.oc1.us-sanjose-1.aaaaaaaatzgbmxgfozdfugohgugl373vro3mfocvgvw2viajt7ddazf2oxua",
                "source_name": "Oracle-Linux-7.9-2023.01.31-2-OKE-1.23.4-549",
                "source_type": "IMAGE"
              },
              {
                "image_id": "ocid1.image.oc1.us-sanjose-1.aaaaaaaabv6oskxt2zoqvtvdrmy43ar4ulkcysewa725lw6u4v2lghne4mga",
                "source_name": "Oracle-Linux-7.9-2022.12.15-0-OKE-1.25.4-543",
                "source_type": "IMAGE"
              },
              {
                "image_id": "ocid1.image.oc1.us-sanjose-1.aaaaaaaaj74c6wvov3r6wouos4ehuwf24ikalpz23oj7zvoanur6jqlxlgjq",
                "source_name": "Oracle-Linux-7.9-2022.12.15-0-OKE-1.24.1-543",
                "source_type": "IMAGE"
              },
              {
                "image_id": "ocid1.image.oc1.us-sanjose-1.aaaaaaaahfz36zbdjxu7hxef3tx7xvebr2fklzxtgyzhlqzm5uoccq2mxjca",
                "source_name": "Oracle-Linux-7.9-2022.12.15-0-OKE-1.23.4-543",
                "source_type": "IMAGE"
              },
              {
                "image_id": "ocid1.image.oc1.us-sanjose-1.aaaaaaaacqohtp5skz5vzm3ulofer7di5oe2rqjo6gwhnqmcngqjxai7fzha",
                "source_name": "Oracle-Linux-8.7-aarch64-2023.02.28-1",
                "source_type": "IMAGE"
              },
              {
                "image_id": "ocid1.image.oc1.us-sanjose-1.aaaaaaaanl2z6ayy23qlzppj26bvxy55bag3upgbxekx7o2s5nxyxiatzabq",
                "source_name": "Oracle-Linux-8.7-aarch64-2023.01.31-3",
                "source_type": "IMAGE"
              },
              {
                "image_id": "ocid1.image.oc1.us-sanjose-1.aaaaaaaagns2ojbhve3j3bu3tfq37uevgv3a3lcbjjjubp52srsx4yqbptoq",
                "source_name": "Oracle-Linux-8.7-Gen2-GPU-2023.01.31-3",
                "source_type": "IMAGE"
              },
              {
                "image_id": "ocid1.image.oc1.us-sanjose-1.aaaaaaaakwwjaxjlinhsbvqekhofv6655fqx2p2o7er4qiep6lp6epn26xpa",
                "source_name": "Oracle-Linux-8.7-2023.02.28-1",
                "source_type": "IMAGE"
              },
              {
                "image_id": "ocid1.image.oc1.us-sanjose-1.aaaaaaaasnekpmvddgefpukwypu7clysbm4yrwzo2nem3fv76t7ebzcnx43a",
                "source_name": "Oracle-Linux-8.7-2023.01.31-3",
                "source_type": "IMAGE"
              },
              {
                "image_id": "ocid1.image.oc1.us-sanjose-1.aaaaaaaabuc4azicfqqqcag2edhzybsrod4qyuliz7tzbooidf46icjlfnja",
                "source_name": "Oracle-Linux-8.6-aarch64-2022.12.15-0",
                "source_type": "IMAGE"
              },
              {
                "image_id": "ocid1.image.oc1.us-sanjose-1.aaaaaaaabu2ep72xlujwdgvx5goz5eragzmgsocc3ifwmfvp7ozfwjjtx5uq",
                "source_name": "Oracle-Linux-8.6-Gen2-GPU-2022.12.16-0",
                "source_type": "IMAGE"
              },
              {
                "image_id": "ocid1.image.oc1.us-sanjose-1.aaaaaaaavmodo4n5lkzfxlekofhj4pexgktyi3oq637n4ej2gnf6g4sslmyq",
                "source_name": "Oracle-Linux-8.6-Gen2-GPU-2022.11.21-0",
                "source_type": "IMAGE"
              },
              {
                "image_id": "ocid1.image.oc1.us-sanjose-1.aaaaaaaajz2mvnibrvkedfqydtsnxer6cvwo64vvmskzcudlomwhdsmdacaa",
                "source_name": "Oracle-Linux-8.6-2022.12.15-0",
                "source_type": "IMAGE"
              },
              {
                "image_id": "ocid1.image.oc1.us-sanjose-1.aaaaaaaa6f4ws5upi4fdofvqj6hgj2hztvxnufqkc7rpqgxikyqrixvqsj7a",
                "source_name": "Oracle-Linux-7.9-aarch64-2023.02.28-1",
                "source_type": "IMAGE"
              },
              {
                "image_id": "ocid1.image.oc1.us-sanjose-1.aaaaaaaa5jaqba5e5vlagt5wdr5535ochdg5rp5elfnkjzzhyzaag6ss7eya",
                "source_name": "Oracle-Linux-7.9-aarch64-2023.01.31-2",
                "source_type": "IMAGE"
              },
              {
                "image_id": "ocid1.image.oc1.us-sanjose-1.aaaaaaaaxrj4e2fzvggmiqcqq2vdbegakamtstm4xiik7fg2zwgdpnrozd4a",
                "source_name": "Oracle-Linux-7.9-aarch64-2022.12.15-0",
                "source_type": "IMAGE"
              },
              {
                "image_id": "ocid1.image.oc1.us-sanjose-1.aaaaaaaahivyzhf2lg2rk5umqtfn5co7wmjrd4ubryfsdlvssygiuywqqjnq",
                "source_name": "Oracle-Linux-7.9-Gen2-GPU-2023.01.31-2",
                "source_type": "IMAGE"
              },
              {
                "image_id": "ocid1.image.oc1.us-sanjose-1.aaaaaaaaezafwjgm4xjgihf6qhb63ubhvnrscr636sda4mflp2kd6e3s226q",
                "source_name": "Oracle-Linux-7.9-Gen2-GPU-2022.12.16-0",
                "source_type": "IMAGE"
              },
              {
                "image_id": "ocid1.image.oc1.us-sanjose-1.aaaaaaaadaaxbttj5mz7hfpeepis5ml2twemajgecj7aj4lij2zyrmqyluja",
                "source_name": "Oracle-Linux-7.9-Gen2-GPU-2022.11.21-0",
                "source_type": "IMAGE"
              },
              {
                "image_id": "ocid1.image.oc1.us-sanjose-1.aaaaaaaadb5lnktblfy47avpfddava4vi2m4z4k6edxiogmu3z2nsxgby6tq",
                "source_name": "Oracle-Linux-7.9-2023.02.28-1",
                "source_type": "IMAGE"
              },
              {
                "image_id": "ocid1.image.oc1.us-sanjose-1.aaaaaaaachj7mbuwlfxue7fasbs4sjblqz3lmjwujyunrcwy3w6n5sdz2s4a",
                "source_name": "Oracle-Linux-7.9-2023.01.31-2",
                "source_type": "IMAGE"
              },
              {
                "image_id": "ocid1.image.oc1.us-sanjose-1.aaaaaaaamlmwj55imlnrketefz3ezelz437n3jbtnb6voczbfij5cav6oxaa",
                "source_name": "Oracle-Linux-7.9-2022.12.15-0",
                "source_type": "IMAGE"
              }
            ]
          },
          "sensitive_attributes": []
        }
      ]
    },
    {
      "module": "module.oci-oke",
      "mode": "data",
      "type": "oci_identity_availability_domains",
      "name": "AD",
      "provider": "provider[\"registry.terraform.io/oracle/oci\"]",
      "instances": [
        {
          "schema_version": 0,
          "attributes": {
            "availability_domains": [
              {
                "compartment_id": "ocid1.tenancy.oc1..aaaaaaaahugs3yg2bfyfzg7v4hsopl5fxh3tgkg55ea2kqbeawc7bnkkhmoa",
                "id": "ocid1.availabilitydomain.oc1..aaaaaaaavi2wyd6rjjffu5nzgb3gjq4thy46k7sgw5ibh7mu5sq5fyie6t5a",
                "name": "PdLJ:US-SANJOSE-1-AD-1"
              }
            ],
            "compartment_id": "ocid1.tenancy.oc1..aaaaaaaahugs3yg2bfyfzg7v4hsopl5fxh3tgkg55ea2kqbeawc7bnkkhmoa",
            "filter": [
              {
                "name": "name",
                "regex": false,
                "values": [
                  "PdLJ:US-SANJOSE-1-AD-1"
                ]
              }
            ],
            "id": "IdentityAvailabilityDomainsDataSource-3822199303"
          },
          "sensitive_attributes": []
        }
      ]
    },
    {
      "module": "module.oci-oke",
      "mode": "data",
      "type": "oci_identity_availability_domains",
      "name": "ADs",
      "provider": "provider[\"registry.terraform.io/oracle/oci\"]",
      "instances": [
        {
          "schema_version": 0,
          "attributes": {
            "availability_domains": [
              {
                "compartment_id": "ocid1.tenancy.oc1..aaaaaaaahugs3yg2bfyfzg7v4hsopl5fxh3tgkg55ea2kqbeawc7bnkkhmoa",
                "id": "ocid1.availabilitydomain.oc1..aaaaaaaavi2wyd6rjjffu5nzgb3gjq4thy46k7sgw5ibh7mu5sq5fyie6t5a",
                "name": "PdLJ:US-SANJOSE-1-AD-1"
              }
            ],
            "compartment_id": "ocid1.tenancy.oc1..aaaaaaaahugs3yg2bfyfzg7v4hsopl5fxh3tgkg55ea2kqbeawc7bnkkhmoa",
            "filter": null,
            "id": "IdentityAvailabilityDomainsDataSource-3822199303"
          },
          "sensitive_attributes": []
        }
      ]
    },
    {
      "module": "module.oci-oke",
      "mode": "managed",
      "type": "oci_containerengine_cluster",
      "name": "oci_oke_cluster",
      "provider": "provider[\"registry.terraform.io/oracle/oci\"]",
      "instances": [
        {
          "schema_version": 0,
          "attributes": {
            "available_kubernetes_upgrades": [],
            "cluster_pod_network_options": [
              {
                "cni_type": "FLANNEL_OVERLAY"
              }
            ],
            "compartment_id": "ocid1.compartment.oc1..aaaaaaaav6rzk4ljqhdacn367ncxy6kmlhssk5dt54s6xmn5tsoatvrxlupq",
            "defined_tags": {
              "ArchitectureCenter\\cicd-pipeline-d220.release": "1.0.2"
            },
            "endpoint_config": [
              {
                "is_public_ip_enabled": false,
                "nsg_ids": [],
                "subnet_id": "ocid1.subnet.oc1.us-sanjose-1.aaaaaaaaeuoaji3gp6puwheod5vv67sz4hcniom2dnmtenn7nqhdlltxv7aa"
              }
            ],
            "endpoints": [
              {
                "kubernetes": "",
                "private_endpoint": "192.168.3.32:6443",
                "public_endpoint": "",
                "vcn_hostname_endpoint": ""
              }
            ],
            "freeform_tags": {},
            "id": "ocid1.cluster.oc1.us-sanjose-1.aaaaaaaak7hxxbppm5zelf6uhd66iomaxhpbc6zoe3nsfoffxc75fqg6233a",
            "image_policy_config": [
              {
                "is_policy_enabled": false,
                "key_details": []
              }
            ],
            "kms_key_id": null,
            "kubernetes_version": "v1.25.4",
            "lifecycle_details": null,
            "metadata": [
              {
                "created_by_user_id": "ocid1.user.oc1..aaaaaaaakeqi52sv5jhj5z3qfifwhlf6ezksgu4d4iq4nupydznm7y37elza",
                "created_by_work_request_id": "ocid1.clustersworkrequest.oc1.us-sanjose-1.aaaaaaaa4tonfqekpfee3r6okxih64xvdywtfp7oiweceh6mmw4llvjc4xeq",
                "deleted_by_user_id": "",
                "deleted_by_work_request_id": "",
                "time_created": "2023-04-08 10:10:26 +0000 UTC",
                "time_deleted": "",
                "time_updated": "2023-04-17 23:38:34 +0000 UTC",
                "updated_by_user_id": "ocid1.user.oc1..aaaaaaaakeqi52sv5jhj5z3qfifwhlf6ezksgu4d4iq4nupydznm7y37elza",
                "updated_by_work_request_id": "ocid1.clustersworkrequest.oc1.us-sanjose-1.aaaaaaaa5lq3ce2w2ifdivhkg6regvorl3vfol5m3afwgnmvhwhhp4k4hrya"
              }
            ],
            "name": "OKECluster4CICD",
            "options": [
              {
                "add_ons": [
                  {
                    "is_kubernetes_dashboard_enabled": true,
                    "is_tiller_enabled": true
                  }
                ],
                "admission_controller_options": [
                  {
                    "is_pod_security_policy_enabled": false
                  }
                ],
                "kubernetes_network_config": [
                  {
                    "pods_cidr": "10.1.0.0/16",
                    "services_cidr": "10.2.0.0/16"
                  }
                ],
                "persistent_volume_config": [
                  {
                    "defined_tags": {},
                    "freeform_tags": {}
                  }
                ],
                "service_lb_config": [
                  {
                    "defined_tags": {},
                    "freeform_tags": {}
                  }
                ],
                "service_lb_subnet_ids": [
                  "ocid1.subnet.oc1.us-sanjose-1.aaaaaaaach7ocqx3u7ih3t7ltdltpvbdp3hxmufny3fs2d5d4jcfmnvovijq"
                ]
              }
            ],
            "state": "ACTIVE",
            "timeouts": null,
            "vcn_id": "ocid1.vcn.oc1.us-sanjose-1.amaaaaaak6tenaaa4ir7bfb3pfjhj6x55f577t7asytivuiv72ftpy6j4jlq"
          },
          "sensitive_attributes": [],
          "private": "eyJlMmJmYjczMC1lY2FhLTExZTYtOGY4OC0zNDM2M2JjN2M0YzAiOnsiY3JlYXRlIjozNjAwMDAwMDAwMDAwLCJkZWxldGUiOjM2MDAwMDAwMDAwMDAsInVwZGF0ZSI6MzYwMDAwMDAwMDAwMH19",
          "dependencies": [
            "data.oci_identity_region_subscriptions.home_region_subscriptions",
            "module.oci-oke.oci_core_subnet.oke_api_endpoint_subnet",
            "module.oci-oke.oci_core_subnet.oke_lb_subnet",
            "module.oci-oke.oci_core_vcn.oke_vcn",
            "oci_core_subnet.my_api_endpoint_subnet",
            "oci_core_subnet.my_lb_subnet",
            "oci_core_vcn.my_vcn",
            "oci_identity_tag.ArchitectureCenterTag",
            "oci_identity_tag_namespace.ArchitectureCenterTagNamespace"
          ]
        }
      ]
    },
    {
      "module": "module.oci-oke",
      "mode": "managed",
      "type": "oci_containerengine_node_pool",
      "name": "oci_oke_node_pool",
      "provider": "provider[\"registry.terraform.io/oracle/oci\"]",
      "instances": [
        {
          "schema_version": 0,
          "attributes": {
            "cluster_id": "ocid1.cluster.oc1.us-sanjose-1.aaaaaaaak7hxxbppm5zelf6uhd66iomaxhpbc6zoe3nsfoffxc75fqg6233a",
            "compartment_id": "ocid1.compartment.oc1..aaaaaaaav6rzk4ljqhdacn367ncxy6kmlhssk5dt54s6xmn5tsoatvrxlupq",
            "defined_tags": {
              "ArchitectureCenter\\cicd-pipeline-d220.release": "1.0.2"
            },
            "freeform_tags": {},
            "id": "ocid1.nodepool.oc1.us-sanjose-1.aaaaaaaacyjspurv4g5eko3yzumm6fv3tfjly5pymey4spjcwnpnx2h4qmeq",
            "initial_node_labels": [
              {
                "key": "key",
                "value": "value"
              }
            ],
            "kubernetes_version": "v1.25.4",
            "lifecycle_details": null,
            "name": "Demo_Node_Pool",
            "node_config_details": [
              {
                "defined_tags": {
                  "ArchitectureCenter\\cicd-pipeline-d220.release": "1.0.2"
                },
                "freeform_tags": {},
                "is_pv_encryption_in_transit_enabled": false,
                "kms_key_id": "",
                "node_pool_pod_network_option_details": [
                  {
                    "cni_type": "FLANNEL_OVERLAY",
                    "max_pods_per_node": 0,
                    "pod_nsg_ids": [],
                    "pod_subnet_ids": []
                  }
                ],
                "nsg_ids": [],
                "placement_configs": [
                  {
                    "availability_domain": "PdLJ:US-SANJOSE-1-AD-1",
                    "capacity_reservation_id": "",
                    "fault_domains": [],
                    "subnet_id": "ocid1.subnet.oc1.us-sanjose-1.aaaaaaaalaznusgpl5gaw3dx7tmetj6yvxw537jio5oxonpjgfmfcqfnm6fq"
                  }
                ],
                "size": 3
              }
            ],
            "node_eviction_node_pool_settings": [],
            "node_image_id": "ocid1.image.oc1.us-sanjose-1.aaaaaaaajjzuxfz5tavwdzabeeufksclkbaskkimapescu6scrcsfzxfxfsa",
            "node_image_name": "Oracle-Linux-7.9-2023.02.28-1-OKE-1.25.4-605",
            "node_metadata": {},
            "node_shape": "VM.Standard.E4.Flex",
            "node_shape_config": [
              {
                "memory_in_gbs": 4,
                "ocpus": 1
              }
            ],
            "node_source": [
              {
                "image_id": "ocid1.image.oc1.us-sanjose-1.aaaaaaaajjzuxfz5tavwdzabeeufksclkbaskkimapescu6scrcsfzxfxfsa",
                "source_name": "Oracle-Linux-7.9-2023.02.28-1-OKE-1.25.4-605",
                "source_type": "IMAGE"
              }
            ],
            "node_source_details": [
              {
                "boot_volume_size_in_gbs": "50",
                "image_id": "ocid1.image.oc1.us-sanjose-1.aaaaaaaajjzuxfz5tavwdzabeeufksclkbaskkimapescu6scrcsfzxfxfsa",
                "source_type": "IMAGE"
              }
            ],
            "nodes": [
              {
                "availability_domain": "PdLJ:US-SANJOSE-1-AD-1",
                "defined_tags": {},
                "error": [],
                "fault_domain": "FAULT-DOMAIN-1",
                "freeform_tags": {},
                "id": "ocid1.instance.oc1.us-sanjose-1.anzwuljrk6tenaac2dalgl7gnz2fjtbbhubzehfjm6sbr53cinvguyb44ujq",
                "kubernetes_version": "v1.25.4",
                "lifecycle_details": "",
                "name": "oke-c75fqg6233a-npnx2h4qmeq-smfcqfnm6fq-0",
                "node_pool_id": "ocid1.nodepool.oc1.us-sanjose-1.aaaaaaaacyjspurv4g5eko3yzumm6fv3tfjly5pymey4spjcwnpnx2h4qmeq",
                "private_ip": "192.168.1.210",
                "public_ip": "",
                "state": "ACTIVE",
                "subnet_id": "ocid1.subnet.oc1.us-sanjose-1.aaaaaaaalaznusgpl5gaw3dx7tmetj6yvxw537jio5oxonpjgfmfcqfnm6fq"
              },
              {
                "availability_domain": "PdLJ:US-SANJOSE-1-AD-1",
                "defined_tags": {},
                "error": [],
                "fault_domain": "FAULT-DOMAIN-2",
                "freeform_tags": {},
                "id": "ocid1.instance.oc1.us-sanjose-1.anzwuljrk6tenaaccucq3yyxnvcjbn4ss2pofpnpgfbpvvmdygiqwhjrgxsa",
                "kubernetes_version": "v1.25.4",
                "lifecycle_details": "",
                "name": "oke-c75fqg6233a-npnx2h4qmeq-smfcqfnm6fq-1",
                "node_pool_id": "ocid1.nodepool.oc1.us-sanjose-1.aaaaaaaacyjspurv4g5eko3yzumm6fv3tfjly5pymey4spjcwnpnx2h4qmeq",
                "private_ip": "192.168.1.150",
                "public_ip": "",
                "state": "ACTIVE",
                "subnet_id": "ocid1.subnet.oc1.us-sanjose-1.aaaaaaaalaznusgpl5gaw3dx7tmetj6yvxw537jio5oxonpjgfmfcqfnm6fq"
              },
              {
                "availability_domain": "PdLJ:US-SANJOSE-1-AD-1",
                "defined_tags": {},
                "error": [],
                "fault_domain": "FAULT-DOMAIN-3",
                "freeform_tags": {},
                "id": "ocid1.instance.oc1.us-sanjose-1.anzwuljrk6tenaac5qi6qtyjopcgisgd2m2dmzsllqovkmp4ie6vf4rqvtra",
                "kubernetes_version": "v1.25.4",
                "lifecycle_details": "",
                "name": "oke-c75fqg6233a-npnx2h4qmeq-smfcqfnm6fq-2",
                "node_pool_id": "ocid1.nodepool.oc1.us-sanjose-1.aaaaaaaacyjspurv4g5eko3yzumm6fv3tfjly5pymey4spjcwnpnx2h4qmeq",
                "private_ip": "192.168.1.219",
                "public_ip": "",
                "state": "ACTIVE",
                "subnet_id": "ocid1.subnet.oc1.us-sanjose-1.aaaaaaaalaznusgpl5gaw3dx7tmetj6yvxw537jio5oxonpjgfmfcqfnm6fq"
              }
            ],
            "quantity_per_subnet": 0,
            "ssh_public_key": "ssh-rsa AAAAB3NzaC1yc2EAAAADAQABAAABAQDso+Fma6/ZCG74gvlP9aiRE5+eVjG/bP08wC6bRsVGhWj+d2S9E2+wsoUcjj2MwF3UQAFo7th77w85imKear2xwftChDD7vBolIBGrqdQTn6bZVyi+ODRLIR1xeCUmjvAOxqjfblRVUwl1jDLZYJ2jeSFPsUT9XtCa6quoSJOv5YJAJqmiDtRRJG/idorURk3uxqYt7/07j2Z5DXznUDjUZKAI/6e3VRraiYl5XQao8QPfDr4c4NA6EFm+kwW27SELV1z1QwtEQcEcN+3++80wA+7cGVQGIZ8CR/mgKd0cEzSIEScodqI7piG+GVDCXmKNZlcCC9z6HCjxUthdRdvl\n",
            "state": "ACTIVE",
            "subnet_ids": [
              "ocid1.subnet.oc1.us-sanjose-1.aaaaaaaalaznusgpl5gaw3dx7tmetj6yvxw537jio5oxonpjgfmfcqfnm6fq"
            ],
            "timeouts": null
          },
          "sensitive_attributes": [],
          "private": "eyJlMmJmYjczMC1lY2FhLTExZTYtOGY4OC0zNDM2M2JjN2M0YzAiOnsiY3JlYXRlIjozMDAwMDAwMDAwMDAwLCJkZWxldGUiOjMwMDAwMDAwMDAwMDAsInVwZGF0ZSI6MzAwMDAwMDAwMDAwMH19",
          "dependencies": [
            "data.oci_identity_availability_domains.ADs",
            "data.oci_identity_region_subscriptions.home_region_subscriptions",
            "module.oci-oke.data.oci_containerengine_node_pool_option.oci_oke_node_pool_option",
            "module.oci-oke.data.oci_identity_availability_domains.AD",
            "module.oci-oke.data.oci_identity_availability_domains.ADs",
            "module.oci-oke.oci_containerengine_cluster.oci_oke_cluster",
            "module.oci-oke.oci_core_subnet.oke_api_endpoint_subnet",
            "module.oci-oke.oci_core_subnet.oke_lb_subnet",
            "module.oci-oke.oci_core_subnet.oke_nodepool_subnet",
            "module.oci-oke.oci_core_vcn.oke_vcn",
            "module.oci-oke.tls_private_key.public_private_key_pair",
            "oci_core_subnet.my_api_endpoint_subnet",
            "oci_core_subnet.my_lb_subnet",
            "oci_core_subnet.my_nodepool_subnet",
            "oci_core_vcn.my_vcn",
            "oci_identity_tag.ArchitectureCenterTag",
            "oci_identity_tag_namespace.ArchitectureCenterTagNamespace",
            "tls_private_key.public_private_key_pair"
          ]
        }
      ]
    },
    {
      "module": "module.oci-oke",
      "mode": "managed",
      "type": "oci_core_subnet",
      "name": "oke_api_endpoint_subnet",
      "provider": "provider[\"registry.terraform.io/oracle/oci\"]",
      "instances": []
    },
    {
      "module": "module.oci-oke",
      "mode": "managed",
      "type": "oci_core_subnet",
      "name": "oke_lb_subnet",
      "provider": "provider[\"registry.terraform.io/oracle/oci\"]",
      "instances": []
    },
    {
      "module": "module.oci-oke",
      "mode": "managed",
      "type": "oci_core_subnet",
      "name": "oke_nodepool_subnet",
      "provider": "provider[\"registry.terraform.io/oracle/oci\"]",
      "instances": []
    },
    {
      "module": "module.oci-oke",
      "mode": "managed",
      "type": "oci_core_vcn",
      "name": "oke_vcn",
      "provider": "provider[\"registry.terraform.io/oracle/oci\"]",
      "instances": []
    },
    {
      "module": "module.oci-oke",
      "mode": "managed",
      "type": "tls_private_key",
      "name": "public_private_key_pair",
      "provider": "provider[\"registry.terraform.io/hashicorp/tls\"]",
      "instances": [
        {
          "schema_version": 1,
          "attributes": {
            "algorithm": "RSA",
            "ecdsa_curve": "P224",
            "id": "0b4411634ac28216e6a1bcbc4c8fe88f3f53555e",
            "private_key_openssh": "-----BEGIN OPENSSH PRIVATE KEY-----\nb3BlbnNzaC1rZXktdjEAAAAABG5vbmUAAAAEbm9uZQAAAAAAAAABAAABFwAAAAdz\nc2gtcnNhAAAAAwEAAQAAAQEAuoA4XTrq9WQD12VccIlBorbdTHY1++Dw/POGdwB7\nFn91rpHlwQBPwPLwzlpcVfYXc9Rmq7U9vBhBHW/J082bdf2jFSXiSEPpe/LFudiA\nDJ/WvuyMIJwyT3SZIdgFIxtL8fPHwD4xjig3nb/MlUygvlyIrAyPJpC5BopfhdNB\nMPKgXC2BGtukB6+T0sJbGqGyJB+4EDL/0C0tiWPBqxSwXK9u+nzqvc033LxCHDCO\nTptgNndOzWQkV/oZ072MKaZSlkV+jizps8eJWnqi3a/yt5yfad8c9vdgNHnZhbND\nW/74ZXgrzAvpbAupBBE9Pp1sqy0VTIwRnvQrzOoo3UOAyQAAA7jobesA6G3rAAAA\nAAdzc2gtcnNhAAABAQC6gDhdOur1ZAPXZVxwiUGitt1MdjX74PD884Z3AHsWf3Wu\nkeXBAE/A8vDOWlxV9hdz1GartT28GEEdb8nTzZt1/aMVJeJIQ+l78sW52IAMn9a+\n7IwgnDJPdJkh2AUjG0vx88fAPjGOKDedv8yVTKC+XIisDI8mkLkGil+F00Ew8qBc\nLYEa26QHr5PSwlsaobIkH7gQMv/QLS2JY8GrFLBcr276fOq9zTfcvEIcMI5Om2A2\nd07NZCRX+hnTvYwpplKWRX6OLOmzx4laeqLdr/K3nJ9p3xz292A0edmFs0Nb/vhl\neCvMC+lsC6kEET0+nWyrLRVMjBGe9CvM6ijdQ4DJAAAAAwEAAQAAAQAc121gBZeG\nYXQyoEs+YAuVdUAd7f4FONEr3SFDUAC5BvcVCx0Dzt+GkEtrLhAvfwI7eHJ0RXAJ\noZqYScxlg9tx0Mqin5wx3sbB01Z+mhubWDCmkABPnrgtD3QLBtQsjLEe9rtCYJvb\nRx7qt1mVESeeqMK+EKcmqKTkfQuur2/aeLd7H2hMVMRu5NPa2SWfdpGiC9WXFNIj\nZBkvnbE8c+uG76G02h0t7Lp7Fk/CBEa9uGoQ1bD83fQfjXc85JXvcMR3Ry2r8C0H\n05FuQ/WakdQ35Xk954npzO1xHpa0ZYqqTQ12CsuUfVuAAO9ImwuSWGYdJEuqHReK\nn6l9q0h1GcydAAAAgQCHckihNN5wFrNAyiyo7HdBaqLHEffMHB8EeW5UUDsKMlsm\nOUq+RrtU4GbdaMp+4TKWE6Z3a0bD5/E2dliNmhG/AiX6sTSsq+gbnrjVGEklovrQ\nquO7k+Mx3ReiiOUMzFTfGTr3ql+tRKzVoToQ8992WcFb5x3uNL/f/29+Ut+ydgAA\nAIEA13ze/oHOwrbpWQUSRqealKIEdhNod3/QoWWjAn9gcitQmxXoUWKLuZQeYHW/\nKSVJDek436VSvY/hgJXqL7FgEChQ4SrbDM1pTzHiNUUrO22cMXwOm2YZE5VTK13s\n6pJaTDztZGtRCBr1Um+6AbCwAywbjAK9R5PgfqB3RDOTetsAAACBAN2QP7KfL8TO\ngc81U1EhnPl5LaFXoyxkG6rwBoqG/HV9Ctm9orfRXofpeKdRn1J4RvxQVOTZcCxr\nqJSIxgdfH73rbQ0OGYk984BbiHFFLZPofASqRwaloqGkbfC9DJ2lzs9+SjnyC+/B\nepV8aYQDOx9Y97OC0tBqbKk5kF4FzPorAAAAAAEC\n-----END OPENSSH PRIVATE KEY-----\n",
            "private_key_pem": "-----BEGIN RSA PRIVATE KEY-----\nMIIEowIBAAKCAQEAuoA4XTrq9WQD12VccIlBorbdTHY1++Dw/POGdwB7Fn91rpHl\nwQBPwPLwzlpcVfYXc9Rmq7U9vBhBHW/J082bdf2jFSXiSEPpe/LFudiADJ/WvuyM\nIJwyT3SZIdgFIxtL8fPHwD4xjig3nb/MlUygvlyIrAyPJpC5BopfhdNBMPKgXC2B\nGtukB6+T0sJbGqGyJB+4EDL/0C0tiWPBqxSwXK9u+nzqvc033LxCHDCOTptgNndO\nzWQkV/oZ072MKaZSlkV+jizps8eJWnqi3a/yt5yfad8c9vdgNHnZhbNDW/74ZXgr\nzAvpbAupBBE9Pp1sqy0VTIwRnvQrzOoo3UOAyQIDAQABAoIBABzXbWAFl4ZhdDKg\nSz5gC5V1QB3t/gU40SvdIUNQALkG9xULHQPO34aQS2suEC9/Ajt4cnRFcAmhmphJ\nzGWD23HQyqKfnDHexsHTVn6aG5tYMKaQAE+euC0PdAsG1CyMsR72u0Jgm9tHHuq3\nWZURJ56owr4QpyaopOR9C66vb9p4t3sfaExUxG7k09rZJZ92kaIL1ZcU0iNkGS+d\nsTxz64bvobTaHS3sunsWT8IERr24ahDVsPzd9B+Ndzzkle9wxHdHLavwLQfTkW5D\n9ZqR1DfleT3nienM7XEelrRliqpNDXYKy5R9W4AA70ibC5JYZh0kS6odF4qfqX2r\nSHUZzJ0CgYEA13ze/oHOwrbpWQUSRqealKIEdhNod3/QoWWjAn9gcitQmxXoUWKL\nuZQeYHW/KSVJDek436VSvY/hgJXqL7FgEChQ4SrbDM1pTzHiNUUrO22cMXwOm2YZ\nE5VTK13s6pJaTDztZGtRCBr1Um+6AbCwAywbjAK9R5PgfqB3RDOTetsCgYEA3ZA/\nsp8vxM6BzzVTUSGc+XktoVejLGQbqvAGiob8dX0K2b2it9Feh+l4p1GfUnhG/FBU\n5NlwLGuolIjGB18fvettDQ4ZiT3zgFuIcUUtk+h8BKpHBqWioaRt8L0MnaXOz35K\nOfIL78F6lXxphAM7H1j3s4LS0GpsqTmQXgXM+isCgYBOBz5sJC7tXPRkMqzqfrg/\nx+cbpm12kAbI2pfLSLpwvPSEI8uq5Kc5vMO/JAPjb0fjzKa2fRPX5mi+egqB2JWz\nZBXdYvpMyXivn52Mso40B72+QXC8npzH9ZNXKbynN/WQk6NWcHG4IKLihehxwjwJ\n+gfDjB5j880frRVi0dY+bwKBgCor3JPpDLSPAdIoujUFCtXJJNBC2AIJA+MjUHtp\nef/6zufm2mPWbAG+hIKEXKjbz9cSizYL1Pf/fdTXu6mHh4kkmFsVxfKDYieaRHwa\nyLQQWhqhNmejezL9ExfxQ8d12clQplwlH/SAhQ6S4ZqI6uXqjysRyYJ13zzOghYD\nUKKFAoGBAIdySKE03nAWs0DKLKjsd0FqoscR98wcHwR5blRQOwoyWyY5Sr5Gu1Tg\nZt1oyn7hMpYTpndrRsPn8TZ2WI2aEb8CJfqxNKyr6BueuNUYSSWi+tCq47uT4zHd\nF6KI5QzMVN8ZOveqX61ErNWhOhDz33ZZwVvnHe40v9//b35S37J2\n-----END RSA PRIVATE KEY-----\n",
            "private_key_pem_pkcs8": "-----BEGIN PRIVATE KEY-----\nMIIEvQIBADANBgkqhkiG9w0BAQEFAASCBKcwggSjAgEAAoIBAQC6gDhdOur1ZAPX\nZVxwiUGitt1MdjX74PD884Z3AHsWf3WukeXBAE/A8vDOWlxV9hdz1GartT28GEEd\nb8nTzZt1/aMVJeJIQ+l78sW52IAMn9a+7IwgnDJPdJkh2AUjG0vx88fAPjGOKDed\nv8yVTKC+XIisDI8mkLkGil+F00Ew8qBcLYEa26QHr5PSwlsaobIkH7gQMv/QLS2J\nY8GrFLBcr276fOq9zTfcvEIcMI5Om2A2d07NZCRX+hnTvYwpplKWRX6OLOmzx4la\neqLdr/K3nJ9p3xz292A0edmFs0Nb/vhleCvMC+lsC6kEET0+nWyrLRVMjBGe9CvM\n6ijdQ4DJAgMBAAECggEAHNdtYAWXhmF0MqBLPmALlXVAHe3+BTjRK90hQ1AAuQb3\nFQsdA87fhpBLay4QL38CO3hydEVwCaGamEnMZYPbcdDKop+cMd7GwdNWfpobm1gw\nppAAT564LQ90CwbULIyxHva7QmCb20ce6rdZlREnnqjCvhCnJqik5H0Lrq9v2ni3\nex9oTFTEbuTT2tkln3aRogvVlxTSI2QZL52xPHPrhu+htNodLey6exZPwgRGvbhq\nENWw/N30H413POSV73DEd0ctq/AtB9ORbkP1mpHUN+V5PeeJ6cztcR6WtGWKqk0N\ndgrLlH1bgADvSJsLklhmHSRLqh0Xip+pfatIdRnMnQKBgQDXfN7+gc7CtulZBRJG\np5qUogR2E2h3f9ChZaMCf2ByK1CbFehRYou5lB5gdb8pJUkN6TjfpVK9j+GAleov\nsWAQKFDhKtsMzWlPMeI1RSs7bZwxfA6bZhkTlVMrXezqklpMPO1ka1EIGvVSb7oB\nsLADLBuMAr1Hk+B+oHdEM5N62wKBgQDdkD+yny/EzoHPNVNRIZz5eS2hV6MsZBuq\n8AaKhvx1fQrZvaK30V6H6XinUZ9SeEb8UFTk2XAsa6iUiMYHXx+9620NDhmJPfOA\nW4hxRS2T6HwEqkcGpaKhpG3wvQydpc7Pfko58gvvwXqVfGmEAzsfWPezgtLQamyp\nOZBeBcz6KwKBgE4HPmwkLu1c9GQyrOp+uD/H5xumbXaQBsjal8tIunC89IQjy6rk\npzm8w78kA+NvR+PMprZ9E9fmaL56CoHYlbNkFd1i+kzJeK+fnYyyjjQHvb5BcLye\nnMf1k1cpvKc39ZCTo1ZwcbggouKF6HHCPAn6B8OMHmPzzR+tFWLR1j5vAoGAKivc\nk+kMtI8B0ii6NQUK1ckk0ELYAgkD4yNQe2l5//rO5+baY9ZsAb6EgoRcqNvP1xKL\nNgvU9/991Ne7qYeHiSSYWxXF8oNiJ5pEfBrItBBaGqE2Z6N7Mv0TF/FDx3XZyVCm\nXCUf9ICFDpLhmojq5eqPKxHJgnXfPM6CFgNQooUCgYEAh3JIoTTecBazQMosqOx3\nQWqixxH3zBwfBHluVFA7CjJbJjlKvka7VOBm3WjKfuEylhOmd2tGw+fxNnZYjZoR\nvwIl+rE0rKvoG5641RhJJaL60Krju5PjMd0XoojlDMxU3xk696pfrUSs1aE6EPPf\ndlnBW+cd7jS/3/9vflLfsnY=\n-----END PRIVATE KEY-----\n",
            "public_key_fingerprint_md5": "32:2e:a5:67:68:a0:d3:83:cd:d2:51:90:7b:bf:cd:b1",
            "public_key_fingerprint_sha256": "SHA256:ZrOvyDeIAtUygP0Y828eh4kRo2M15CVAU8aHNWRYzVY",
            "public_key_openssh": "ssh-rsa AAAAB3NzaC1yc2EAAAADAQABAAABAQC6gDhdOur1ZAPXZVxwiUGitt1MdjX74PD884Z3AHsWf3WukeXBAE/A8vDOWlxV9hdz1GartT28GEEdb8nTzZt1/aMVJeJIQ+l78sW52IAMn9a+7IwgnDJPdJkh2AUjG0vx88fAPjGOKDedv8yVTKC+XIisDI8mkLkGil+F00Ew8qBcLYEa26QHr5PSwlsaobIkH7gQMv/QLS2JY8GrFLBcr276fOq9zTfcvEIcMI5Om2A2d07NZCRX+hnTvYwpplKWRX6OLOmzx4laeqLdr/K3nJ9p3xz292A0edmFs0Nb/vhleCvMC+lsC6kEET0+nWyrLRVMjBGe9CvM6ijdQ4DJ\n",
            "public_key_pem": "-----BEGIN PUBLIC KEY-----\nMIIBIjANBgkqhkiG9w0BAQEFAAOCAQ8AMIIBCgKCAQEAuoA4XTrq9WQD12VccIlB\norbdTHY1++Dw/POGdwB7Fn91rpHlwQBPwPLwzlpcVfYXc9Rmq7U9vBhBHW/J082b\ndf2jFSXiSEPpe/LFudiADJ/WvuyMIJwyT3SZIdgFIxtL8fPHwD4xjig3nb/MlUyg\nvlyIrAyPJpC5BopfhdNBMPKgXC2BGtukB6+T0sJbGqGyJB+4EDL/0C0tiWPBqxSw\nXK9u+nzqvc033LxCHDCOTptgNndOzWQkV/oZ072MKaZSlkV+jizps8eJWnqi3a/y\nt5yfad8c9vdgNHnZhbNDW/74ZXgrzAvpbAupBBE9Pp1sqy0VTIwRnvQrzOoo3UOA\nyQIDAQAB\n-----END PUBLIC KEY-----\n",
            "rsa_bits": 2048
          },
          "sensitive_attributes": []
        }
      ]
    }
  ],
  "check_results": null
}
